// !$*UTF8*$!
{
	archiveVersion = 1;
	classes = {
	};
	objectVersion = 48;
	objects = {

/* Begin PBXBuildFile section */
		51541D06A6341694FD846A0B /* Pods_cTOMTests.framework in Frameworks */ = {isa = PBXBuildFile; fileRef = B6FCF397165E9619EA936879 /* Pods_cTOMTests.framework */; };
		5684E6763C1CEA4A1B13BC6E /* Pods_cTOM.framework in Frameworks */ = {isa = PBXBuildFile; fileRef = AADBDB6E1C3E79DF95807711 /* Pods_cTOM.framework */; };
		F42797FC2031D52C007F5BE8 /* ViewControllerAdminLogin.swift in Sources */ = {isa = PBXBuildFile; fileRef = F42797FB2031D52C007F5BE8 /* ViewControllerAdminLogin.swift */; };
		F42797FE2031D5B0007F5BE8 /* ViewControllerAdminHome.swift in Sources */ = {isa = PBXBuildFile; fileRef = F42797FD2031D5B0007F5BE8 /* ViewControllerAdminHome.swift */; };
		F42798002031D76E007F5BE8 /* cTOM.db in Resources */ = {isa = PBXBuildFile; fileRef = F42797FF2031D76E007F5BE8 /* cTOM.db */; };
		F427980220321051007F5BE8 /* ViewControllerAdminRegister.swift in Sources */ = {isa = PBXBuildFile; fileRef = F427980120321051007F5BE8 /* ViewControllerAdminRegister.swift */; };
		F4499AE72034AA8100AD2CFD /* c-TOM Stories introduction.m4a in Resources */ = {isa = PBXBuildFile; fileRef = F4499AE62034AA8100AD2CFD /* c-TOM Stories introduction.m4a */; };
		F46375DD2028D3B0007CC87F /* ViewControllerStories.swift in Sources */ = {isa = PBXBuildFile; fileRef = F46375DC2028D3B0007CC87F /* ViewControllerStories.swift */; };
		F4994B8220247688001CE79C /* Ding Sound Effect.m4a in Resources */ = {isa = PBXBuildFile; fileRef = F4994B8120247688001CE79C /* Ding Sound Effect.m4a */; };
		F49E4B552022585500161F15 /* Assets.xcassets in Resources */ = {isa = PBXBuildFile; fileRef = F49E4B542022585500161F15 /* Assets.xcassets */; };
		F4B7189D2020D60A00BE3EB6 /* Result.swift in Sources */ = {isa = PBXBuildFile; fileRef = F4B7189C2020D60A00BE3EB6 /* Result.swift */; };
		F4B99F07202891DC003C25C0 /* ViewControllerGazePractice.swift in Sources */ = {isa = PBXBuildFile; fileRef = F4B99F06202891DC003C25C0 /* ViewControllerGazePractice.swift */; };
		F4B99F0920289585003C25C0 /* GazePractice.png in Resources */ = {isa = PBXBuildFile; fileRef = F4B99F0820289585003C25C0 /* GazePractice.png */; };
		F4BC1F69202A275500A2E2B1 /* ViewControllerStoriesTrials.swift in Sources */ = {isa = PBXBuildFile; fileRef = F4BC1F68202A275500A2E2B1 /* ViewControllerStoriesTrials.swift */; };
		F4CD745620209E8700C8A791 /* ViewControllerGaze.swift in Sources */ = {isa = PBXBuildFile; fileRef = F4CD745520209E8700C8A791 /* ViewControllerGaze.swift */; };
		F4CEFB93202B63B900AE1291 /* Robbery_3.mp4 in Resources */ = {isa = PBXBuildFile; fileRef = F4CEFB8D202B63B900AE1291 /* Robbery_3.mp4 */; };
		F4CEFB94202B63B900AE1291 /* Apple_1.mp4 in Resources */ = {isa = PBXBuildFile; fileRef = F4CEFB8E202B63B900AE1291 /* Apple_1.mp4 */; };
		F4CEFB95202B63B900AE1291 /* Present_2.mp4 in Resources */ = {isa = PBXBuildFile; fileRef = F4CEFB8F202B63B900AE1291 /* Present_2.mp4 */; };
		F4CEFB96202B63B900AE1291 /* Apple_2.mp4 in Resources */ = {isa = PBXBuildFile; fileRef = F4CEFB90202B63B900AE1291 /* Apple_2.mp4 */; };
		F4CEFB97202B63B900AE1291 /* Robbery_4.mp4 in Resources */ = {isa = PBXBuildFile; fileRef = F4CEFB91202B63B900AE1291 /* Robbery_4.mp4 */; };
		F4CEFB98202B63B900AE1291 /* Present_1.mp4 in Resources */ = {isa = PBXBuildFile; fileRef = F4CEFB92202B63B900AE1291 /* Present_1.mp4 */; };
		F4CEFBA9202B678600AE1291 /* What Does Kate Assume John Thinks Is In His Backpack.m4a in Resources */ = {isa = PBXBuildFile; fileRef = F4CEFB9A202B678500AE1291 /* What Does Kate Assume John Thinks Is In His Backpack.m4a */; };
		F4CEFBAA202B678600AE1291 /* Where Does Tom Think His Apple Is.m4a in Resources */ = {isa = PBXBuildFile; fileRef = F4CEFB9B202B678500AE1291 /* Where Does Tom Think His Apple Is.m4a */; };
		F4CEFBAB202B678600AE1291 /* Where Does Tom Assume Jane Thinks Her Apple Is.m4a in Resources */ = {isa = PBXBuildFile; fileRef = F4CEFB9C202B678500AE1291 /* Where Does Tom Assume Jane Thinks Her Apple Is.m4a */; };
		F4CEFBAC202B678600AE1291 /* What Does John Think Is In His Backpack.m4a in Resources */ = {isa = PBXBuildFile; fileRef = F4CEFB9D202B678500AE1291 /* What Does John Think Is In His Backpack.m4a */; };
		F4CEFBAD202B678600AE1291 /* What Does Tom Think Is In The Box.m4a in Resources */ = {isa = PBXBuildFile; fileRef = F4CEFB9E202B678500AE1291 /* What Does Tom Think Is In The Box.m4a */; };
		F4CEFBAE202B678600AE1291 /* What Is In The Backpack.m4a in Resources */ = {isa = PBXBuildFile; fileRef = F4CEFB9F202B678500AE1291 /* What Is In The Backpack.m4a */; };
		F4CEFBAF202B678600AE1291 /* Where Does Jane Think Her Apple Is.m4a in Resources */ = {isa = PBXBuildFile; fileRef = F4CEFBA0202B678500AE1291 /* Where Does Jane Think Her Apple Is.m4a */; };
		F4CEFBB0202B678600AE1291 /* Where Is The Apple.m4a in Resources */ = {isa = PBXBuildFile; fileRef = F4CEFBA1202B678500AE1291 /* Where Is The Apple.m4a */; };
		F4CEFBB1202B678600AE1291 /* What Does Kate Think Is In Her Backpack.m4a in Resources */ = {isa = PBXBuildFile; fileRef = F4CEFBA2202B678500AE1291 /* What Does Kate Think Is In Her Backpack.m4a */; };
		F4CEFBB2202B678600AE1291 /* What Is In The Box.m4a in Resources */ = {isa = PBXBuildFile; fileRef = F4CEFBA3202B678500AE1291 /* What Is In The Box.m4a */; };
		F4CEFBB3202B678600AE1291 /* What Does John Assume Kate Thinks Is In Her Backpack.m4a in Resources */ = {isa = PBXBuildFile; fileRef = F4CEFBA4202B678500AE1291 /* What Does John Assume Kate Thinks Is In Her Backpack.m4a */; };
		F4CEFBB4202B678600AE1291 /* What Does Jane Think Is In The Box.m4a in Resources */ = {isa = PBXBuildFile; fileRef = F4CEFBA5202B678500AE1291 /* What Does Jane Think Is In The Box.m4a */; };
		F4CEFBB5202B678600AE1291 /* Where Does Jane Assume Tom Thinks His Apple Is.m4a in Resources */ = {isa = PBXBuildFile; fileRef = F4CEFBA6202B678500AE1291 /* Where Does Jane Assume Tom Thinks His Apple Is.m4a */; };
		F4CEFBB6202B678600AE1291 /* What Does Tom Assume Jane Thinks Is In The Box.m4a in Resources */ = {isa = PBXBuildFile; fileRef = F4CEFBA7202B678500AE1291 /* What Does Tom Assume Jane Thinks Is In The Box.m4a */; };
		F4CEFBB7202B678600AE1291 /* What Does Jane Assume Tom Thinks Is In The Box.m4a in Resources */ = {isa = PBXBuildFile; fileRef = F4CEFBA8202B678600AE1291 /* What Does Jane Assume Tom Thinks Is In The Box.m4a */; };
		F4D9FC2E201FB3BB004D0F4E /* AppDelegate.swift in Sources */ = {isa = PBXBuildFile; fileRef = F4D9FC2D201FB3BB004D0F4E /* AppDelegate.swift */; };
		F4D9FC30201FB3BB004D0F4E /* ViewControllerTests.swift in Sources */ = {isa = PBXBuildFile; fileRef = F4D9FC2F201FB3BB004D0F4E /* ViewControllerTests.swift */; };
		F4D9FC33201FB3BB004D0F4E /* Main.storyboard in Resources */ = {isa = PBXBuildFile; fileRef = F4D9FC31201FB3BB004D0F4E /* Main.storyboard */; };
		F4D9FC38201FB3BB004D0F4E /* LaunchScreen.storyboard in Resources */ = {isa = PBXBuildFile; fileRef = F4D9FC36201FB3BB004D0F4E /* LaunchScreen.storyboard */; };
		F4D9FC43201FB3BB004D0F4E /* cTOMTests.swift in Sources */ = {isa = PBXBuildFile; fileRef = F4D9FC42201FB3BB004D0F4E /* cTOMTests.swift */; };
		F4D9FC5B201FB3E3004D0F4E /* FMResultSet.m in Sources */ = {isa = PBXBuildFile; fileRef = F4D9FC4F201FB3E2004D0F4E /* FMResultSet.m */; };
		F4D9FC5C201FB3E3004D0F4E /* FMDatabasePool.m in Sources */ = {isa = PBXBuildFile; fileRef = F4D9FC51201FB3E2004D0F4E /* FMDatabasePool.m */; };
		F4D9FC5D201FB3E3004D0F4E /* FMDatabaseAdditions.m in Sources */ = {isa = PBXBuildFile; fileRef = F4D9FC52201FB3E2004D0F4E /* FMDatabaseAdditions.m */; };
		F4D9FC5E201FB3E3004D0F4E /* FMDatabase.m in Sources */ = {isa = PBXBuildFile; fileRef = F4D9FC54201FB3E2004D0F4E /* FMDatabase.m */; };
		F4D9FC5F201FB3E3004D0F4E /* FMDatabaseQueue.m in Sources */ = {isa = PBXBuildFile; fileRef = F4D9FC55201FB3E2004D0F4E /* FMDatabaseQueue.m */; };
		F4D9FC60201FB3E3004D0F4E /* Info.plist in Resources */ = {isa = PBXBuildFile; fileRef = F4D9FC58201FB3E3004D0F4E /* Info.plist */; };
		F4D9FC66201FB47C004D0F4E /* DBManager.swift in Sources */ = {isa = PBXBuildFile; fileRef = F4D9FC65201FB47C004D0F4E /* DBManager.swift */; };
		F4D9FC68201FB4A9004D0F4E /* Trackers.swift in Sources */ = {isa = PBXBuildFile; fileRef = F4D9FC67201FB4A9004D0F4E /* Trackers.swift */; };
		F4D9FCC9201FB5B1004D0F4E /* Jenny_N_10d_R.mp4 in Resources */ = {isa = PBXBuildFile; fileRef = F4D9FC6D201FB5B1004D0F4E /* Jenny_N_10d_R.mp4 */; };
		F4D9FCCA201FB5B1004D0F4E /* Jenny_N_30d_R.mp4 in Resources */ = {isa = PBXBuildFile; fileRef = F4D9FC6E201FB5B1004D0F4E /* Jenny_N_30d_R.mp4 */; };
		F4D9FCCB201FB5B1004D0F4E /* Jenny_N_60d_L.mp4 in Resources */ = {isa = PBXBuildFile; fileRef = F4D9FC6F201FB5B1004D0F4E /* Jenny_N_60d_L.mp4 */; };
		F4D9FCCC201FB5B1004D0F4E /* Jenny_N_20d_R.mp4 in Resources */ = {isa = PBXBuildFile; fileRef = F4D9FC70201FB5B1004D0F4E /* Jenny_N_20d_R.mp4 */; };
		F4D9FCCD201FB5B1004D0F4E /* Jenny_N_30d_L.mp4 in Resources */ = {isa = PBXBuildFile; fileRef = F4D9FC71201FB5B1004D0F4E /* Jenny_N_30d_L.mp4 */; };
		F4D9FCCE201FB5B1004D0F4E /* Jenny_N_60d_R.mp4 in Resources */ = {isa = PBXBuildFile; fileRef = F4D9FC72201FB5B1004D0F4E /* Jenny_N_60d_R.mp4 */; };
		F4D9FCCF201FB5B1004D0F4E /* Jenny_N_20d_L.mp4 in Resources */ = {isa = PBXBuildFile; fileRef = F4D9FC73201FB5B1004D0F4E /* Jenny_N_20d_L.mp4 */; };
		F4D9FCD0201FB5B1004D0F4E /* Jenny_N_sa.mp4 in Resources */ = {isa = PBXBuildFile; fileRef = F4D9FC74201FB5B1004D0F4E /* Jenny_N_sa.mp4 */; };
		F4D9FCD1201FB5B1004D0F4E /* Jenny_N_up.mp4 in Resources */ = {isa = PBXBuildFile; fileRef = F4D9FC75201FB5B1004D0F4E /* Jenny_N_up.mp4 */; };
		F4D9FCD2201FB5B1004D0F4E /* Jenny_N_10d_L.mp4 in Resources */ = {isa = PBXBuildFile; fileRef = F4D9FC76201FB5B1004D0F4E /* Jenny_N_10d_L.mp4 */; };
		F4D9FCD3201FB5B1004D0F4E /* Jenny_A_sa.mp4 in Resources */ = {isa = PBXBuildFile; fileRef = F4D9FC78201FB5B1004D0F4E /* Jenny_A_sa.mp4 */; };
		F4D9FCD4201FB5B1004D0F4E /* Jenny_A_30d_L.mp4 in Resources */ = {isa = PBXBuildFile; fileRef = F4D9FC79201FB5B1004D0F4E /* Jenny_A_30d_L.mp4 */; };
		F4D9FCD5201FB5B1004D0F4E /* Jenny_A_20d_L.mp4 in Resources */ = {isa = PBXBuildFile; fileRef = F4D9FC7A201FB5B1004D0F4E /* Jenny_A_20d_L.mp4 */; };
		F4D9FCD6201FB5B1004D0F4E /* Jenny_A_60d_R.mp4 in Resources */ = {isa = PBXBuildFile; fileRef = F4D9FC7B201FB5B1004D0F4E /* Jenny_A_60d_R.mp4 */; };
		F4D9FCD7201FB5B1004D0F4E /* Jenny_A_up.mp4 in Resources */ = {isa = PBXBuildFile; fileRef = F4D9FC7C201FB5B1004D0F4E /* Jenny_A_up.mp4 */; };
		F4D9FCD8201FB5B1004D0F4E /* Jenny_A_10d_L.mp4 in Resources */ = {isa = PBXBuildFile; fileRef = F4D9FC7D201FB5B1004D0F4E /* Jenny_A_10d_L.mp4 */; };
		F4D9FCD9201FB5B1004D0F4E /* Jenny_A_10d_R.mp4 in Resources */ = {isa = PBXBuildFile; fileRef = F4D9FC7E201FB5B1004D0F4E /* Jenny_A_10d_R.mp4 */; };
		F4D9FCDA201FB5B1004D0F4E /* Jenny_A_30d_R.mp4 in Resources */ = {isa = PBXBuildFile; fileRef = F4D9FC7F201FB5B1004D0F4E /* Jenny_A_30d_R.mp4 */; };
		F4D9FCDB201FB5B1004D0F4E /* Jenny_A_20d_R.mp4 in Resources */ = {isa = PBXBuildFile; fileRef = F4D9FC80201FB5B1004D0F4E /* Jenny_A_20d_R.mp4 */; };
		F4D9FCDC201FB5B1004D0F4E /* Jenny_A_60d_L.mp4 in Resources */ = {isa = PBXBuildFile; fileRef = F4D9FC81201FB5B1004D0F4E /* Jenny_A_60d_L.mp4 */; };
		F4D9FCDD201FB5B1004D0F4E /* Chris_N_10d_R.mp4 in Resources */ = {isa = PBXBuildFile; fileRef = F4D9FC84201FB5B1004D0F4E /* Chris_N_10d_R.mp4 */; };
		F4D9FCDE201FB5B1004D0F4E /* Chris_N_30d_R.mp4 in Resources */ = {isa = PBXBuildFile; fileRef = F4D9FC85201FB5B1004D0F4E /* Chris_N_30d_R.mp4 */; };
		F4D9FCDF201FB5B1004D0F4E /* Chris_N_60d_L.mp4 in Resources */ = {isa = PBXBuildFile; fileRef = F4D9FC86201FB5B1004D0F4E /* Chris_N_60d_L.mp4 */; };
		F4D9FCE0201FB5B1004D0F4E /* Chris_N_20d_R.mp4 in Resources */ = {isa = PBXBuildFile; fileRef = F4D9FC87201FB5B1004D0F4E /* Chris_N_20d_R.mp4 */; };
		F4D9FCE1201FB5B1004D0F4E /* Chris_N_30d_L.mp4 in Resources */ = {isa = PBXBuildFile; fileRef = F4D9FC88201FB5B1004D0F4E /* Chris_N_30d_L.mp4 */; };
		F4D9FCE2201FB5B1004D0F4E /* Chris_N_60d_R.mp4 in Resources */ = {isa = PBXBuildFile; fileRef = F4D9FC89201FB5B1004D0F4E /* Chris_N_60d_R.mp4 */; };
		F4D9FCE3201FB5B1004D0F4E /* Chris_N_sa.mp4 in Resources */ = {isa = PBXBuildFile; fileRef = F4D9FC8A201FB5B1004D0F4E /* Chris_N_sa.mp4 */; };
		F4D9FCE4201FB5B1004D0F4E /* Chris_N_20d_L.mp4 in Resources */ = {isa = PBXBuildFile; fileRef = F4D9FC8B201FB5B1004D0F4E /* Chris_N_20d_L.mp4 */; };
		F4D9FCE5201FB5B1004D0F4E /* Chris_N_up.mp4 in Resources */ = {isa = PBXBuildFile; fileRef = F4D9FC8C201FB5B1004D0F4E /* Chris_N_up.mp4 */; };
		F4D9FCE6201FB5B1004D0F4E /* Chris_N_10d_L.mp4 in Resources */ = {isa = PBXBuildFile; fileRef = F4D9FC8D201FB5B1004D0F4E /* Chris_N_10d_L.mp4 */; };
		F4D9FCE7201FB5B1004D0F4E /* Chris_A_30d_L.mp4 in Resources */ = {isa = PBXBuildFile; fileRef = F4D9FC8F201FB5B1004D0F4E /* Chris_A_30d_L.mp4 */; };
		F4D9FCE8201FB5B1004D0F4E /* Chris_A_sa.mp4 in Resources */ = {isa = PBXBuildFile; fileRef = F4D9FC90201FB5B1004D0F4E /* Chris_A_sa.mp4 */; };
		F4D9FCE9201FB5B1004D0F4E /* Chris_A_20d_L.mp4 in Resources */ = {isa = PBXBuildFile; fileRef = F4D9FC91201FB5B1004D0F4E /* Chris_A_20d_L.mp4 */; };
		F4D9FCEA201FB5B1004D0F4E /* Chris_A_60d_R.mp4 in Resources */ = {isa = PBXBuildFile; fileRef = F4D9FC92201FB5B1004D0F4E /* Chris_A_60d_R.mp4 */; };
		F4D9FCEB201FB5B1004D0F4E /* Chris_A_10d_L.mp4 in Resources */ = {isa = PBXBuildFile; fileRef = F4D9FC93201FB5B1004D0F4E /* Chris_A_10d_L.mp4 */; };
		F4D9FCEC201FB5B1004D0F4E /* Chris_A_up.mp4 in Resources */ = {isa = PBXBuildFile; fileRef = F4D9FC94201FB5B1004D0F4E /* Chris_A_up.mp4 */; };
		F4D9FCED201FB5B1004D0F4E /* Chris_A_10d_R.mp4 in Resources */ = {isa = PBXBuildFile; fileRef = F4D9FC95201FB5B1004D0F4E /* Chris_A_10d_R.mp4 */; };
		F4D9FCEE201FB5B1004D0F4E /* Chris_A_30d_R.mp4 in Resources */ = {isa = PBXBuildFile; fileRef = F4D9FC96201FB5B1004D0F4E /* Chris_A_30d_R.mp4 */; };
		F4D9FCEF201FB5B1004D0F4E /* Chris_A_20d_R.mp4 in Resources */ = {isa = PBXBuildFile; fileRef = F4D9FC97201FB5B1004D0F4E /* Chris_A_20d_R.mp4 */; };
		F4D9FCF0201FB5B1004D0F4E /* Chris_A_60d_L.mp4 in Resources */ = {isa = PBXBuildFile; fileRef = F4D9FC98201FB5B1004D0F4E /* Chris_A_60d_L.mp4 */; };
		F4D9FCF1201FB5B1004D0F4E /* Montage.mp4 in Resources */ = {isa = PBXBuildFile; fileRef = F4D9FC99201FB5B1004D0F4E /* Montage.mp4 */; };
		F4D9FCF2201FB5B1004D0F4E /* Brian_N_30d_L.mp4 in Resources */ = {isa = PBXBuildFile; fileRef = F4D9FC9C201FB5B1004D0F4E /* Brian_N_30d_L.mp4 */; };
		F4D9FCF3201FB5B1004D0F4E /* Brian_N_20d_L.mp4 in Resources */ = {isa = PBXBuildFile; fileRef = F4D9FC9D201FB5B1004D0F4E /* Brian_N_20d_L.mp4 */; };
		F4D9FCF4201FB5B1004D0F4E /* Brian_N_60d_R.mp4 in Resources */ = {isa = PBXBuildFile; fileRef = F4D9FC9E201FB5B1004D0F4E /* Brian_N_60d_R.mp4 */; };
		F4D9FCF5201FB5B1004D0F4E /* Brian_N_up_2.mp4 in Resources */ = {isa = PBXBuildFile; fileRef = F4D9FC9F201FB5B1004D0F4E /* Brian_N_up_2.mp4 */; };
		F4D9FCF6201FB5B1004D0F4E /* Brian_N_10d_L.mp4 in Resources */ = {isa = PBXBuildFile; fileRef = F4D9FCA0201FB5B1004D0F4E /* Brian_N_10d_L.mp4 */; };
		F4D9FCF7201FB5B1004D0F4E /* Brian_N_up.mp4 in Resources */ = {isa = PBXBuildFile; fileRef = F4D9FCA1201FB5B1004D0F4E /* Brian_N_up.mp4 */; };
		F4D9FCF8201FB5B1004D0F4E /* Brian_N_10d_R.mp4 in Resources */ = {isa = PBXBuildFile; fileRef = F4D9FCA2201FB5B1004D0F4E /* Brian_N_10d_R.mp4 */; };
		F4D9FCF9201FB5B1004D0F4E /* Brian_N_30d_R.mp4 in Resources */ = {isa = PBXBuildFile; fileRef = F4D9FCA3201FB5B1004D0F4E /* Brian_N_30d_R.mp4 */; };
		F4D9FCFA201FB5B1004D0F4E /* Brian_N_20d_R.mp4 in Resources */ = {isa = PBXBuildFile; fileRef = F4D9FCA4201FB5B1004D0F4E /* Brian_N_20d_R.mp4 */; };
		F4D9FCFB201FB5B1004D0F4E /* Brian_N_60d_L.mp4 in Resources */ = {isa = PBXBuildFile; fileRef = F4D9FCA5201FB5B1004D0F4E /* Brian_N_60d_L.mp4 */; };
		F4D9FCFC201FB5B1004D0F4E /* Brian_N_sa.mp4 in Resources */ = {isa = PBXBuildFile; fileRef = F4D9FCA6201FB5B1004D0F4E /* Brian_N_sa.mp4 */; };
		F4D9FCFD201FB5B1004D0F4E /* Brian_A_up.mp4 in Resources */ = {isa = PBXBuildFile; fileRef = F4D9FCA8201FB5B1004D0F4E /* Brian_A_up.mp4 */; };
		F4D9FCFE201FB5B1004D0F4E /* Brian_A_10d_R.mp4 in Resources */ = {isa = PBXBuildFile; fileRef = F4D9FCA9201FB5B1004D0F4E /* Brian_A_10d_R.mp4 */; };
		F4D9FCFF201FB5B1004D0F4E /* Brian_A_30d_R.mp4 in Resources */ = {isa = PBXBuildFile; fileRef = F4D9FCAA201FB5B1004D0F4E /* Brian_A_30d_R.mp4 */; };
		F4D9FD00201FB5B1004D0F4E /* Brian_A_sa.mp4 in Resources */ = {isa = PBXBuildFile; fileRef = F4D9FCAB201FB5B1004D0F4E /* Brian_A_sa.mp4 */; };
		F4D9FD01201FB5B1004D0F4E /* Brian_A_60d_L.mp4 in Resources */ = {isa = PBXBuildFile; fileRef = F4D9FCAC201FB5B1004D0F4E /* Brian_A_60d_L.mp4 */; };
		F4D9FD02201FB5B1004D0F4E /* Brian_A_20d_R.mp4 in Resources */ = {isa = PBXBuildFile; fileRef = F4D9FCAD201FB5B1004D0F4E /* Brian_A_20d_R.mp4 */; };
		F4D9FD03201FB5B1004D0F4E /* Brian_A_30d_L.mp4 in Resources */ = {isa = PBXBuildFile; fileRef = F4D9FCAE201FB5B1004D0F4E /* Brian_A_30d_L.mp4 */; };
		F4D9FD04201FB5B1004D0F4E /* Brian_A_60d_R.mp4 in Resources */ = {isa = PBXBuildFile; fileRef = F4D9FCAF201FB5B1004D0F4E /* Brian_A_60d_R.mp4 */; };
		F4D9FD05201FB5B1004D0F4E /* Brian_A_20d_L.mp4 in Resources */ = {isa = PBXBuildFile; fileRef = F4D9FCB0201FB5B1004D0F4E /* Brian_A_20d_L.mp4 */; };
		F4D9FD06201FB5B1004D0F4E /* Brian_A_10d_L.mp4 in Resources */ = {isa = PBXBuildFile; fileRef = F4D9FCB1201FB5B1004D0F4E /* Brian_A_10d_L.mp4 */; };
		F4D9FD07201FB5B1004D0F4E /* Jess_N_30d_L.mp4 in Resources */ = {isa = PBXBuildFile; fileRef = F4D9FCB4201FB5B1004D0F4E /* Jess_N_30d_L.mp4 */; };
		F4D9FD08201FB5B1004D0F4E /* Jess_N_up.mp4 in Resources */ = {isa = PBXBuildFile; fileRef = F4D9FCB5201FB5B1004D0F4E /* Jess_N_up.mp4 */; };
		F4D9FD09201FB5B1004D0F4E /* Jess_N_20d_L.mp4 in Resources */ = {isa = PBXBuildFile; fileRef = F4D9FCB6201FB5B1004D0F4E /* Jess_N_20d_L.mp4 */; };
		F4D9FD0A201FB5B1004D0F4E /* Jess_N_60d_R.mp4 in Resources */ = {isa = PBXBuildFile; fileRef = F4D9FCB7201FB5B1004D0F4E /* Jess_N_60d_R.mp4 */; };
		F4D9FD0B201FB5B1004D0F4E /* Jess_N_sa.mp4 in Resources */ = {isa = PBXBuildFile; fileRef = F4D9FCB8201FB5B1004D0F4E /* Jess_N_sa.mp4 */; };
		F4D9FD0C201FB5B1004D0F4E /* Jess_N_10d_L.mp4 in Resources */ = {isa = PBXBuildFile; fileRef = F4D9FCB9201FB5B1004D0F4E /* Jess_N_10d_L.mp4 */; };
		F4D9FD0D201FB5B1004D0F4E /* Jess_N_10d_R.mp4 in Resources */ = {isa = PBXBuildFile; fileRef = F4D9FCBA201FB5B1004D0F4E /* Jess_N_10d_R.mp4 */; };
		F4D9FD0E201FB5B1004D0F4E /* Jess_N_30d_R.mp4 in Resources */ = {isa = PBXBuildFile; fileRef = F4D9FCBB201FB5B1004D0F4E /* Jess_N_30d_R.mp4 */; };
		F4D9FD0F201FB5B1004D0F4E /* Jess_N_20d_R.mp4 in Resources */ = {isa = PBXBuildFile; fileRef = F4D9FCBC201FB5B1004D0F4E /* Jess_N_20d_R.mp4 */; };
		F4D9FD10201FB5B1004D0F4E /* Jess_N_60d_L.mp4 in Resources */ = {isa = PBXBuildFile; fileRef = F4D9FCBD201FB5B1004D0F4E /* Jess_N_60d_L.mp4 */; };
		F4D9FD11201FB5B1004D0F4E /* Jess_A_10d_R.mp4 in Resources */ = {isa = PBXBuildFile; fileRef = F4D9FCBF201FB5B1004D0F4E /* Jess_A_10d_R.mp4 */; };
		F4D9FD12201FB5B1004D0F4E /* Jess_A_30d_R.mp4 in Resources */ = {isa = PBXBuildFile; fileRef = F4D9FCC0201FB5B1004D0F4E /* Jess_A_30d_R.mp4 */; };
		F4D9FD13201FB5B1004D0F4E /* Jess_A_60d_L.mp4 in Resources */ = {isa = PBXBuildFile; fileRef = F4D9FCC1201FB5B1004D0F4E /* Jess_A_60d_L.mp4 */; };
		F4D9FD14201FB5B1004D0F4E /* Jess_A_20d_R.mp4 in Resources */ = {isa = PBXBuildFile; fileRef = F4D9FCC2201FB5B1004D0F4E /* Jess_A_20d_R.mp4 */; };
		F4D9FD15201FB5B1004D0F4E /* Jess_A_30d_L.mp4 in Resources */ = {isa = PBXBuildFile; fileRef = F4D9FCC3201FB5B1004D0F4E /* Jess_A_30d_L.mp4 */; };
		F4D9FD16201FB5B1004D0F4E /* Jess_A_up.mp4 in Resources */ = {isa = PBXBuildFile; fileRef = F4D9FCC4201FB5B1004D0F4E /* Jess_A_up.mp4 */; };
		F4D9FD17201FB5B1004D0F4E /* Jess_A_60d_R.mp4 in Resources */ = {isa = PBXBuildFile; fileRef = F4D9FCC5201FB5B1004D0F4E /* Jess_A_60d_R.mp4 */; };
		F4D9FD18201FB5B1004D0F4E /* Jess_A_20d_L.mp4 in Resources */ = {isa = PBXBuildFile; fileRef = F4D9FCC6201FB5B1004D0F4E /* Jess_A_20d_L.mp4 */; };
		F4D9FD19201FB5B1004D0F4E /* Jess_A_sa.mp4 in Resources */ = {isa = PBXBuildFile; fileRef = F4D9FCC7201FB5B1004D0F4E /* Jess_A_sa.mp4 */; };
		F4D9FD1A201FB5B1004D0F4E /* Jess_A_10d_L.mp4 in Resources */ = {isa = PBXBuildFile; fileRef = F4D9FCC8201FB5B1004D0F4E /* Jess_A_10d_L.mp4 */; };
/* End PBXBuildFile section */

/* Begin PBXContainerItemProxy section */
		F4D9FC3F201FB3BB004D0F4E /* PBXContainerItemProxy */ = {
			isa = PBXContainerItemProxy;
			containerPortal = F4D9FC22201FB3BB004D0F4E /* Project object */;
			proxyType = 1;
			remoteGlobalIDString = F4D9FC29201FB3BB004D0F4E;
			remoteInfo = cTOM;
		};
/* End PBXContainerItemProxy section */

/* Begin PBXFileReference section */
		7CF00571102A36FF722BD165 /* Pods-cTOM.release.xcconfig */ = {isa = PBXFileReference; includeInIndex = 1; lastKnownFileType = text.xcconfig; name = "Pods-cTOM.release.xcconfig"; path = "Pods/Target Support Files/Pods-cTOM/Pods-cTOM.release.xcconfig"; sourceTree = "<group>"; };
		A9EE84371BFE9603AF11687A /* Pods-cTOM.debug.xcconfig */ = {isa = PBXFileReference; includeInIndex = 1; lastKnownFileType = text.xcconfig; name = "Pods-cTOM.debug.xcconfig"; path = "Pods/Target Support Files/Pods-cTOM/Pods-cTOM.debug.xcconfig"; sourceTree = "<group>"; };
		AADBDB6E1C3E79DF95807711 /* Pods_cTOM.framework */ = {isa = PBXFileReference; explicitFileType = wrapper.framework; includeInIndex = 0; path = Pods_cTOM.framework; sourceTree = BUILT_PRODUCTS_DIR; };
		ADEAE1624F9FBD6227BD4F3A /* Pods-cTOMTests.release.xcconfig */ = {isa = PBXFileReference; includeInIndex = 1; lastKnownFileType = text.xcconfig; name = "Pods-cTOMTests.release.xcconfig"; path = "Pods/Target Support Files/Pods-cTOMTests/Pods-cTOMTests.release.xcconfig"; sourceTree = "<group>"; };
		B6FCF397165E9619EA936879 /* Pods_cTOMTests.framework */ = {isa = PBXFileReference; explicitFileType = wrapper.framework; includeInIndex = 0; path = Pods_cTOMTests.framework; sourceTree = BUILT_PRODUCTS_DIR; };
		F42797FB2031D52C007F5BE8 /* ViewControllerAdminLogin.swift */ = {isa = PBXFileReference; lastKnownFileType = sourcecode.swift; path = ViewControllerAdminLogin.swift; sourceTree = "<group>"; };
		F42797FD2031D5B0007F5BE8 /* ViewControllerAdminHome.swift */ = {isa = PBXFileReference; lastKnownFileType = sourcecode.swift; path = ViewControllerAdminHome.swift; sourceTree = "<group>"; };
		F42797FF2031D76E007F5BE8 /* cTOM.db */ = {isa = PBXFileReference; lastKnownFileType = file; path = cTOM.db; sourceTree = "<group>"; };
		F427980120321051007F5BE8 /* ViewControllerAdminRegister.swift */ = {isa = PBXFileReference; lastKnownFileType = sourcecode.swift; path = ViewControllerAdminRegister.swift; sourceTree = "<group>"; };
		F4499AE62034AA8100AD2CFD /* c-TOM Stories introduction.m4a */ = {isa = PBXFileReference; lastKnownFileType = file; path = "c-TOM Stories introduction.m4a"; sourceTree = "<group>"; };
		F46375DC2028D3B0007CC87F /* ViewControllerStories.swift */ = {isa = PBXFileReference; lastKnownFileType = sourcecode.swift; path = ViewControllerStories.swift; sourceTree = "<group>"; };
		F4994B8120247688001CE79C /* Ding Sound Effect.m4a */ = {isa = PBXFileReference; lastKnownFileType = file; path = "Ding Sound Effect.m4a"; sourceTree = "<group>"; };
		F49E4B542022585500161F15 /* Assets.xcassets */ = {isa = PBXFileReference; lastKnownFileType = folder.assetcatalog; path = Assets.xcassets; sourceTree = "<group>"; };
		F4B7189C2020D60A00BE3EB6 /* Result.swift */ = {isa = PBXFileReference; lastKnownFileType = sourcecode.swift; path = Result.swift; sourceTree = "<group>"; };
		F4B99F06202891DC003C25C0 /* ViewControllerGazePractice.swift */ = {isa = PBXFileReference; lastKnownFileType = sourcecode.swift; path = ViewControllerGazePractice.swift; sourceTree = "<group>"; };
		F4B99F0820289585003C25C0 /* GazePractice.png */ = {isa = PBXFileReference; lastKnownFileType = image.png; path = GazePractice.png; sourceTree = "<group>"; };
		F4BC1F68202A275500A2E2B1 /* ViewControllerStoriesTrials.swift */ = {isa = PBXFileReference; lastKnownFileType = sourcecode.swift; path = ViewControllerStoriesTrials.swift; sourceTree = "<group>"; };
		F4CD745520209E8700C8A791 /* ViewControllerGaze.swift */ = {isa = PBXFileReference; lastKnownFileType = sourcecode.swift; path = ViewControllerGaze.swift; sourceTree = "<group>"; };
		F4CEFB8D202B63B900AE1291 /* Robbery_3.mp4 */ = {isa = PBXFileReference; lastKnownFileType = file; name = Robbery_3.mp4; path = "../../../../Dropbox/Software Design and Development - NUIG/FYP/Media/c_TOM_Stories/Robbery_3.mp4"; sourceTree = "<group>"; };
		F4CEFB8E202B63B900AE1291 /* Apple_1.mp4 */ = {isa = PBXFileReference; lastKnownFileType = file; name = Apple_1.mp4; path = "../../../../Dropbox/Software Design and Development - NUIG/FYP/Media/c_TOM_Stories/Apple_1.mp4"; sourceTree = "<group>"; };
		F4CEFB8F202B63B900AE1291 /* Present_2.mp4 */ = {isa = PBXFileReference; lastKnownFileType = file; name = Present_2.mp4; path = "../../../../Dropbox/Software Design and Development - NUIG/FYP/Media/c_TOM_Stories/Present_2.mp4"; sourceTree = "<group>"; };
		F4CEFB90202B63B900AE1291 /* Apple_2.mp4 */ = {isa = PBXFileReference; lastKnownFileType = file; name = Apple_2.mp4; path = "../../../../Dropbox/Software Design and Development - NUIG/FYP/Media/c_TOM_Stories/Apple_2.mp4"; sourceTree = "<group>"; };
		F4CEFB91202B63B900AE1291 /* Robbery_4.mp4 */ = {isa = PBXFileReference; lastKnownFileType = file; name = Robbery_4.mp4; path = "../../../../Dropbox/Software Design and Development - NUIG/FYP/Media/c_TOM_Stories/Robbery_4.mp4"; sourceTree = "<group>"; };
		F4CEFB92202B63B900AE1291 /* Present_1.mp4 */ = {isa = PBXFileReference; lastKnownFileType = file; name = Present_1.mp4; path = "../../../../Dropbox/Software Design and Development - NUIG/FYP/Media/c_TOM_Stories/Present_1.mp4"; sourceTree = "<group>"; };
		F4CEFB9A202B678500AE1291 /* What Does Kate Assume John Thinks Is In His Backpack.m4a */ = {isa = PBXFileReference; lastKnownFileType = file; name = "What Does Kate Assume John Thinks Is In His Backpack.m4a"; path = "../../../../../Dropbox/Software Design and Development - NUIG/FYP/Media/Audio_clips/What Does Kate Assume John Thinks Is In His Backpack.m4a"; sourceTree = "<group>"; };
		F4CEFB9B202B678500AE1291 /* Where Does Tom Think His Apple Is.m4a */ = {isa = PBXFileReference; lastKnownFileType = file; name = "Where Does Tom Think His Apple Is.m4a"; path = "../../../../../Dropbox/Software Design and Development - NUIG/FYP/Media/Audio_clips/Where Does Tom Think His Apple Is.m4a"; sourceTree = "<group>"; };
		F4CEFB9C202B678500AE1291 /* Where Does Tom Assume Jane Thinks Her Apple Is.m4a */ = {isa = PBXFileReference; lastKnownFileType = file; name = "Where Does Tom Assume Jane Thinks Her Apple Is.m4a"; path = "../../../../../Dropbox/Software Design and Development - NUIG/FYP/Media/Audio_clips/Where Does Tom Assume Jane Thinks Her Apple Is.m4a"; sourceTree = "<group>"; };
		F4CEFB9D202B678500AE1291 /* What Does John Think Is In His Backpack.m4a */ = {isa = PBXFileReference; lastKnownFileType = file; name = "What Does John Think Is In His Backpack.m4a"; path = "../../../../../Dropbox/Software Design and Development - NUIG/FYP/Media/Audio_clips/What Does John Think Is In His Backpack.m4a"; sourceTree = "<group>"; };
		F4CEFB9E202B678500AE1291 /* What Does Tom Think Is In The Box.m4a */ = {isa = PBXFileReference; lastKnownFileType = file; name = "What Does Tom Think Is In The Box.m4a"; path = "../../../../../Dropbox/Software Design and Development - NUIG/FYP/Media/Audio_clips/What Does Tom Think Is In The Box.m4a"; sourceTree = "<group>"; };
		F4CEFB9F202B678500AE1291 /* What Is In The Backpack.m4a */ = {isa = PBXFileReference; lastKnownFileType = file; name = "What Is In The Backpack.m4a"; path = "../../../../../Dropbox/Software Design and Development - NUIG/FYP/Media/Audio_clips/What Is In The Backpack.m4a"; sourceTree = "<group>"; };
		F4CEFBA0202B678500AE1291 /* Where Does Jane Think Her Apple Is.m4a */ = {isa = PBXFileReference; lastKnownFileType = file; name = "Where Does Jane Think Her Apple Is.m4a"; path = "../../../../../Dropbox/Software Design and Development - NUIG/FYP/Media/Audio_clips/Where Does Jane Think Her Apple Is.m4a"; sourceTree = "<group>"; };
		F4CEFBA1202B678500AE1291 /* Where Is The Apple.m4a */ = {isa = PBXFileReference; lastKnownFileType = file; name = "Where Is The Apple.m4a"; path = "../../../../../Dropbox/Software Design and Development - NUIG/FYP/Media/Audio_clips/Where Is The Apple.m4a"; sourceTree = "<group>"; };
		F4CEFBA2202B678500AE1291 /* What Does Kate Think Is In Her Backpack.m4a */ = {isa = PBXFileReference; lastKnownFileType = file; name = "What Does Kate Think Is In Her Backpack.m4a"; path = "../../../../../Dropbox/Software Design and Development - NUIG/FYP/Media/Audio_clips/What Does Kate Think Is In Her Backpack.m4a"; sourceTree = "<group>"; };
		F4CEFBA3202B678500AE1291 /* What Is In The Box.m4a */ = {isa = PBXFileReference; lastKnownFileType = file; name = "What Is In The Box.m4a"; path = "../../../../../Dropbox/Software Design and Development - NUIG/FYP/Media/Audio_clips/What Is In The Box.m4a"; sourceTree = "<group>"; };
		F4CEFBA4202B678500AE1291 /* What Does John Assume Kate Thinks Is In Her Backpack.m4a */ = {isa = PBXFileReference; lastKnownFileType = file; name = "What Does John Assume Kate Thinks Is In Her Backpack.m4a"; path = "../../../../../Dropbox/Software Design and Development - NUIG/FYP/Media/Audio_clips/What Does John Assume Kate Thinks Is In Her Backpack.m4a"; sourceTree = "<group>"; };
		F4CEFBA5202B678500AE1291 /* What Does Jane Think Is In The Box.m4a */ = {isa = PBXFileReference; lastKnownFileType = file; name = "What Does Jane Think Is In The Box.m4a"; path = "../../../../../Dropbox/Software Design and Development - NUIG/FYP/Media/Audio_clips/What Does Jane Think Is In The Box.m4a"; sourceTree = "<group>"; };
		F4CEFBA6202B678500AE1291 /* Where Does Jane Assume Tom Thinks His Apple Is.m4a */ = {isa = PBXFileReference; lastKnownFileType = file; name = "Where Does Jane Assume Tom Thinks His Apple Is.m4a"; path = "../../../../../Dropbox/Software Design and Development - NUIG/FYP/Media/Audio_clips/Where Does Jane Assume Tom Thinks His Apple Is.m4a"; sourceTree = "<group>"; };
		F4CEFBA7202B678500AE1291 /* What Does Tom Assume Jane Thinks Is In The Box.m4a */ = {isa = PBXFileReference; lastKnownFileType = file; name = "What Does Tom Assume Jane Thinks Is In The Box.m4a"; path = "../../../../../Dropbox/Software Design and Development - NUIG/FYP/Media/Audio_clips/What Does Tom Assume Jane Thinks Is In The Box.m4a"; sourceTree = "<group>"; };
		F4CEFBA8202B678600AE1291 /* What Does Jane Assume Tom Thinks Is In The Box.m4a */ = {isa = PBXFileReference; lastKnownFileType = file; name = "What Does Jane Assume Tom Thinks Is In The Box.m4a"; path = "../../../../../Dropbox/Software Design and Development - NUIG/FYP/Media/Audio_clips/What Does Jane Assume Tom Thinks Is In The Box.m4a"; sourceTree = "<group>"; };
		F4D9FC2A201FB3BB004D0F4E /* cTOM.app */ = {isa = PBXFileReference; explicitFileType = wrapper.application; includeInIndex = 0; path = cTOM.app; sourceTree = BUILT_PRODUCTS_DIR; };
		F4D9FC2D201FB3BB004D0F4E /* AppDelegate.swift */ = {isa = PBXFileReference; lastKnownFileType = sourcecode.swift; path = AppDelegate.swift; sourceTree = "<group>"; };
		F4D9FC2F201FB3BB004D0F4E /* ViewControllerTests.swift */ = {isa = PBXFileReference; lastKnownFileType = sourcecode.swift; path = ViewControllerTests.swift; sourceTree = "<group>"; };
		F4D9FC32201FB3BB004D0F4E /* Base */ = {isa = PBXFileReference; lastKnownFileType = file.storyboard; name = Base; path = Base.lproj/Main.storyboard; sourceTree = "<group>"; };
		F4D9FC37201FB3BB004D0F4E /* Base */ = {isa = PBXFileReference; lastKnownFileType = file.storyboard; name = Base; path = Base.lproj/LaunchScreen.storyboard; sourceTree = "<group>"; };
		F4D9FC39201FB3BB004D0F4E /* Info.plist */ = {isa = PBXFileReference; lastKnownFileType = text.plist.xml; path = Info.plist; sourceTree = "<group>"; };
		F4D9FC3E201FB3BB004D0F4E /* cTOMTests.xctest */ = {isa = PBXFileReference; explicitFileType = wrapper.cfbundle; includeInIndex = 0; path = cTOMTests.xctest; sourceTree = BUILT_PRODUCTS_DIR; };
		F4D9FC42201FB3BB004D0F4E /* cTOMTests.swift */ = {isa = PBXFileReference; lastKnownFileType = sourcecode.swift; path = cTOMTests.swift; sourceTree = "<group>"; };
		F4D9FC44201FB3BB004D0F4E /* Info.plist */ = {isa = PBXFileReference; lastKnownFileType = text.plist.xml; path = Info.plist; sourceTree = "<group>"; };
		F4D9FC4E201FB3E1004D0F4E /* cTOM-Bridging-Header.h */ = {isa = PBXFileReference; lastKnownFileType = sourcecode.c.h; path = "cTOM-Bridging-Header.h"; sourceTree = "<group>"; };
		F4D9FC4F201FB3E2004D0F4E /* FMResultSet.m */ = {isa = PBXFileReference; fileEncoding = 4; lastKnownFileType = sourcecode.c.objc; name = FMResultSet.m; path = "../../../Downloads/fmdb-master/src/fmdb/FMResultSet.m"; sourceTree = "<group>"; };
		F4D9FC50201FB3E2004D0F4E /* FMDatabase.h */ = {isa = PBXFileReference; fileEncoding = 4; lastKnownFileType = sourcecode.c.h; name = FMDatabase.h; path = "../../../Downloads/fmdb-master/src/fmdb/FMDatabase.h"; sourceTree = "<group>"; };
		F4D9FC51201FB3E2004D0F4E /* FMDatabasePool.m */ = {isa = PBXFileReference; fileEncoding = 4; lastKnownFileType = sourcecode.c.objc; name = FMDatabasePool.m; path = "../../../Downloads/fmdb-master/src/fmdb/FMDatabasePool.m"; sourceTree = "<group>"; };
		F4D9FC52201FB3E2004D0F4E /* FMDatabaseAdditions.m */ = {isa = PBXFileReference; fileEncoding = 4; lastKnownFileType = sourcecode.c.objc; name = FMDatabaseAdditions.m; path = "../../../Downloads/fmdb-master/src/fmdb/FMDatabaseAdditions.m"; sourceTree = "<group>"; };
		F4D9FC53201FB3E2004D0F4E /* FMDatabaseQueue.h */ = {isa = PBXFileReference; fileEncoding = 4; lastKnownFileType = sourcecode.c.h; name = FMDatabaseQueue.h; path = "../../../Downloads/fmdb-master/src/fmdb/FMDatabaseQueue.h"; sourceTree = "<group>"; };
		F4D9FC54201FB3E2004D0F4E /* FMDatabase.m */ = {isa = PBXFileReference; fileEncoding = 4; lastKnownFileType = sourcecode.c.objc; name = FMDatabase.m; path = "../../../Downloads/fmdb-master/src/fmdb/FMDatabase.m"; sourceTree = "<group>"; };
		F4D9FC55201FB3E2004D0F4E /* FMDatabaseQueue.m */ = {isa = PBXFileReference; fileEncoding = 4; lastKnownFileType = sourcecode.c.objc; name = FMDatabaseQueue.m; path = "../../../Downloads/fmdb-master/src/fmdb/FMDatabaseQueue.m"; sourceTree = "<group>"; };
		F4D9FC56201FB3E3004D0F4E /* FMDB.h */ = {isa = PBXFileReference; fileEncoding = 4; lastKnownFileType = sourcecode.c.h; name = FMDB.h; path = "../../../Downloads/fmdb-master/src/fmdb/FMDB.h"; sourceTree = "<group>"; };
		F4D9FC57201FB3E3004D0F4E /* FMResultSet.h */ = {isa = PBXFileReference; fileEncoding = 4; lastKnownFileType = sourcecode.c.h; name = FMResultSet.h; path = "../../../Downloads/fmdb-master/src/fmdb/FMResultSet.h"; sourceTree = "<group>"; };
		F4D9FC58201FB3E3004D0F4E /* Info.plist */ = {isa = PBXFileReference; fileEncoding = 4; lastKnownFileType = text.plist.xml; name = Info.plist; path = "../../../Downloads/fmdb-master/src/fmdb/Info.plist"; sourceTree = "<group>"; };
		F4D9FC59201FB3E3004D0F4E /* FMDatabasePool.h */ = {isa = PBXFileReference; fileEncoding = 4; lastKnownFileType = sourcecode.c.h; name = FMDatabasePool.h; path = "../../../Downloads/fmdb-master/src/fmdb/FMDatabasePool.h"; sourceTree = "<group>"; };
		F4D9FC5A201FB3E3004D0F4E /* FMDatabaseAdditions.h */ = {isa = PBXFileReference; fileEncoding = 4; lastKnownFileType = sourcecode.c.h; name = FMDatabaseAdditions.h; path = "../../../Downloads/fmdb-master/src/fmdb/FMDatabaseAdditions.h"; sourceTree = "<group>"; };
		F4D9FC65201FB47C004D0F4E /* DBManager.swift */ = {isa = PBXFileReference; lastKnownFileType = sourcecode.swift; path = DBManager.swift; sourceTree = "<group>"; };
		F4D9FC67201FB4A9004D0F4E /* Trackers.swift */ = {isa = PBXFileReference; lastKnownFileType = sourcecode.swift; path = Trackers.swift; sourceTree = "<group>"; };
		F4D9FC6D201FB5B1004D0F4E /* Jenny_N_10d_R.mp4 */ = {isa = PBXFileReference; lastKnownFileType = file; path = Jenny_N_10d_R.mp4; sourceTree = "<group>"; };
		F4D9FC6E201FB5B1004D0F4E /* Jenny_N_30d_R.mp4 */ = {isa = PBXFileReference; lastKnownFileType = file; path = Jenny_N_30d_R.mp4; sourceTree = "<group>"; };
		F4D9FC6F201FB5B1004D0F4E /* Jenny_N_60d_L.mp4 */ = {isa = PBXFileReference; lastKnownFileType = file; path = Jenny_N_60d_L.mp4; sourceTree = "<group>"; };
		F4D9FC70201FB5B1004D0F4E /* Jenny_N_20d_R.mp4 */ = {isa = PBXFileReference; lastKnownFileType = file; path = Jenny_N_20d_R.mp4; sourceTree = "<group>"; };
		F4D9FC71201FB5B1004D0F4E /* Jenny_N_30d_L.mp4 */ = {isa = PBXFileReference; lastKnownFileType = file; path = Jenny_N_30d_L.mp4; sourceTree = "<group>"; };
		F4D9FC72201FB5B1004D0F4E /* Jenny_N_60d_R.mp4 */ = {isa = PBXFileReference; lastKnownFileType = file; path = Jenny_N_60d_R.mp4; sourceTree = "<group>"; };
		F4D9FC73201FB5B1004D0F4E /* Jenny_N_20d_L.mp4 */ = {isa = PBXFileReference; lastKnownFileType = file; path = Jenny_N_20d_L.mp4; sourceTree = "<group>"; };
		F4D9FC74201FB5B1004D0F4E /* Jenny_N_sa.mp4 */ = {isa = PBXFileReference; lastKnownFileType = file; path = Jenny_N_sa.mp4; sourceTree = "<group>"; };
		F4D9FC75201FB5B1004D0F4E /* Jenny_N_up.mp4 */ = {isa = PBXFileReference; lastKnownFileType = file; path = Jenny_N_up.mp4; sourceTree = "<group>"; };
		F4D9FC76201FB5B1004D0F4E /* Jenny_N_10d_L.mp4 */ = {isa = PBXFileReference; lastKnownFileType = file; path = Jenny_N_10d_L.mp4; sourceTree = "<group>"; };
		F4D9FC78201FB5B1004D0F4E /* Jenny_A_sa.mp4 */ = {isa = PBXFileReference; lastKnownFileType = file; path = Jenny_A_sa.mp4; sourceTree = "<group>"; };
		F4D9FC79201FB5B1004D0F4E /* Jenny_A_30d_L.mp4 */ = {isa = PBXFileReference; lastKnownFileType = file; path = Jenny_A_30d_L.mp4; sourceTree = "<group>"; };
		F4D9FC7A201FB5B1004D0F4E /* Jenny_A_20d_L.mp4 */ = {isa = PBXFileReference; lastKnownFileType = file; path = Jenny_A_20d_L.mp4; sourceTree = "<group>"; };
		F4D9FC7B201FB5B1004D0F4E /* Jenny_A_60d_R.mp4 */ = {isa = PBXFileReference; lastKnownFileType = file; path = Jenny_A_60d_R.mp4; sourceTree = "<group>"; };
		F4D9FC7C201FB5B1004D0F4E /* Jenny_A_up.mp4 */ = {isa = PBXFileReference; lastKnownFileType = file; path = Jenny_A_up.mp4; sourceTree = "<group>"; };
		F4D9FC7D201FB5B1004D0F4E /* Jenny_A_10d_L.mp4 */ = {isa = PBXFileReference; lastKnownFileType = file; path = Jenny_A_10d_L.mp4; sourceTree = "<group>"; };
		F4D9FC7E201FB5B1004D0F4E /* Jenny_A_10d_R.mp4 */ = {isa = PBXFileReference; lastKnownFileType = file; path = Jenny_A_10d_R.mp4; sourceTree = "<group>"; };
		F4D9FC7F201FB5B1004D0F4E /* Jenny_A_30d_R.mp4 */ = {isa = PBXFileReference; lastKnownFileType = file; path = Jenny_A_30d_R.mp4; sourceTree = "<group>"; };
		F4D9FC80201FB5B1004D0F4E /* Jenny_A_20d_R.mp4 */ = {isa = PBXFileReference; lastKnownFileType = file; path = Jenny_A_20d_R.mp4; sourceTree = "<group>"; };
		F4D9FC81201FB5B1004D0F4E /* Jenny_A_60d_L.mp4 */ = {isa = PBXFileReference; lastKnownFileType = file; path = Jenny_A_60d_L.mp4; sourceTree = "<group>"; };
		F4D9FC84201FB5B1004D0F4E /* Chris_N_10d_R.mp4 */ = {isa = PBXFileReference; lastKnownFileType = file; path = Chris_N_10d_R.mp4; sourceTree = "<group>"; };
		F4D9FC85201FB5B1004D0F4E /* Chris_N_30d_R.mp4 */ = {isa = PBXFileReference; lastKnownFileType = file; path = Chris_N_30d_R.mp4; sourceTree = "<group>"; };
		F4D9FC86201FB5B1004D0F4E /* Chris_N_60d_L.mp4 */ = {isa = PBXFileReference; lastKnownFileType = file; path = Chris_N_60d_L.mp4; sourceTree = "<group>"; };
		F4D9FC87201FB5B1004D0F4E /* Chris_N_20d_R.mp4 */ = {isa = PBXFileReference; lastKnownFileType = file; path = Chris_N_20d_R.mp4; sourceTree = "<group>"; };
		F4D9FC88201FB5B1004D0F4E /* Chris_N_30d_L.mp4 */ = {isa = PBXFileReference; lastKnownFileType = file; path = Chris_N_30d_L.mp4; sourceTree = "<group>"; };
		F4D9FC89201FB5B1004D0F4E /* Chris_N_60d_R.mp4 */ = {isa = PBXFileReference; lastKnownFileType = file; path = Chris_N_60d_R.mp4; sourceTree = "<group>"; };
		F4D9FC8A201FB5B1004D0F4E /* Chris_N_sa.mp4 */ = {isa = PBXFileReference; lastKnownFileType = file; path = Chris_N_sa.mp4; sourceTree = "<group>"; };
		F4D9FC8B201FB5B1004D0F4E /* Chris_N_20d_L.mp4 */ = {isa = PBXFileReference; lastKnownFileType = file; path = Chris_N_20d_L.mp4; sourceTree = "<group>"; };
		F4D9FC8C201FB5B1004D0F4E /* Chris_N_up.mp4 */ = {isa = PBXFileReference; lastKnownFileType = file; path = Chris_N_up.mp4; sourceTree = "<group>"; };
		F4D9FC8D201FB5B1004D0F4E /* Chris_N_10d_L.mp4 */ = {isa = PBXFileReference; lastKnownFileType = file; path = Chris_N_10d_L.mp4; sourceTree = "<group>"; };
		F4D9FC8F201FB5B1004D0F4E /* Chris_A_30d_L.mp4 */ = {isa = PBXFileReference; lastKnownFileType = file; path = Chris_A_30d_L.mp4; sourceTree = "<group>"; };
		F4D9FC90201FB5B1004D0F4E /* Chris_A_sa.mp4 */ = {isa = PBXFileReference; lastKnownFileType = file; path = Chris_A_sa.mp4; sourceTree = "<group>"; };
		F4D9FC91201FB5B1004D0F4E /* Chris_A_20d_L.mp4 */ = {isa = PBXFileReference; lastKnownFileType = file; path = Chris_A_20d_L.mp4; sourceTree = "<group>"; };
		F4D9FC92201FB5B1004D0F4E /* Chris_A_60d_R.mp4 */ = {isa = PBXFileReference; lastKnownFileType = file; path = Chris_A_60d_R.mp4; sourceTree = "<group>"; };
		F4D9FC93201FB5B1004D0F4E /* Chris_A_10d_L.mp4 */ = {isa = PBXFileReference; lastKnownFileType = file; path = Chris_A_10d_L.mp4; sourceTree = "<group>"; };
		F4D9FC94201FB5B1004D0F4E /* Chris_A_up.mp4 */ = {isa = PBXFileReference; lastKnownFileType = file; path = Chris_A_up.mp4; sourceTree = "<group>"; };
		F4D9FC95201FB5B1004D0F4E /* Chris_A_10d_R.mp4 */ = {isa = PBXFileReference; lastKnownFileType = file; path = Chris_A_10d_R.mp4; sourceTree = "<group>"; };
		F4D9FC96201FB5B1004D0F4E /* Chris_A_30d_R.mp4 */ = {isa = PBXFileReference; lastKnownFileType = file; path = Chris_A_30d_R.mp4; sourceTree = "<group>"; };
		F4D9FC97201FB5B1004D0F4E /* Chris_A_20d_R.mp4 */ = {isa = PBXFileReference; lastKnownFileType = file; path = Chris_A_20d_R.mp4; sourceTree = "<group>"; };
		F4D9FC98201FB5B1004D0F4E /* Chris_A_60d_L.mp4 */ = {isa = PBXFileReference; lastKnownFileType = file; path = Chris_A_60d_L.mp4; sourceTree = "<group>"; };
		F4D9FC99201FB5B1004D0F4E /* Montage.mp4 */ = {isa = PBXFileReference; lastKnownFileType = file; path = Montage.mp4; sourceTree = "<group>"; };
		F4D9FC9C201FB5B1004D0F4E /* Brian_N_30d_L.mp4 */ = {isa = PBXFileReference; lastKnownFileType = file; path = Brian_N_30d_L.mp4; sourceTree = "<group>"; };
		F4D9FC9D201FB5B1004D0F4E /* Brian_N_20d_L.mp4 */ = {isa = PBXFileReference; lastKnownFileType = file; path = Brian_N_20d_L.mp4; sourceTree = "<group>"; };
		F4D9FC9E201FB5B1004D0F4E /* Brian_N_60d_R.mp4 */ = {isa = PBXFileReference; lastKnownFileType = file; path = Brian_N_60d_R.mp4; sourceTree = "<group>"; };
		F4D9FC9F201FB5B1004D0F4E /* Brian_N_up_2.mp4 */ = {isa = PBXFileReference; lastKnownFileType = file; path = Brian_N_up_2.mp4; sourceTree = "<group>"; };
		F4D9FCA0201FB5B1004D0F4E /* Brian_N_10d_L.mp4 */ = {isa = PBXFileReference; lastKnownFileType = file; path = Brian_N_10d_L.mp4; sourceTree = "<group>"; };
		F4D9FCA1201FB5B1004D0F4E /* Brian_N_up.mp4 */ = {isa = PBXFileReference; lastKnownFileType = file; path = Brian_N_up.mp4; sourceTree = "<group>"; };
		F4D9FCA2201FB5B1004D0F4E /* Brian_N_10d_R.mp4 */ = {isa = PBXFileReference; lastKnownFileType = file; path = Brian_N_10d_R.mp4; sourceTree = "<group>"; };
		F4D9FCA3201FB5B1004D0F4E /* Brian_N_30d_R.mp4 */ = {isa = PBXFileReference; lastKnownFileType = file; path = Brian_N_30d_R.mp4; sourceTree = "<group>"; };
		F4D9FCA4201FB5B1004D0F4E /* Brian_N_20d_R.mp4 */ = {isa = PBXFileReference; lastKnownFileType = file; path = Brian_N_20d_R.mp4; sourceTree = "<group>"; };
		F4D9FCA5201FB5B1004D0F4E /* Brian_N_60d_L.mp4 */ = {isa = PBXFileReference; lastKnownFileType = file; path = Brian_N_60d_L.mp4; sourceTree = "<group>"; };
		F4D9FCA6201FB5B1004D0F4E /* Brian_N_sa.mp4 */ = {isa = PBXFileReference; lastKnownFileType = file; path = Brian_N_sa.mp4; sourceTree = "<group>"; };
		F4D9FCA8201FB5B1004D0F4E /* Brian_A_up.mp4 */ = {isa = PBXFileReference; lastKnownFileType = file; path = Brian_A_up.mp4; sourceTree = "<group>"; };
		F4D9FCA9201FB5B1004D0F4E /* Brian_A_10d_R.mp4 */ = {isa = PBXFileReference; lastKnownFileType = file; path = Brian_A_10d_R.mp4; sourceTree = "<group>"; };
		F4D9FCAA201FB5B1004D0F4E /* Brian_A_30d_R.mp4 */ = {isa = PBXFileReference; lastKnownFileType = file; path = Brian_A_30d_R.mp4; sourceTree = "<group>"; };
		F4D9FCAB201FB5B1004D0F4E /* Brian_A_sa.mp4 */ = {isa = PBXFileReference; lastKnownFileType = file; path = Brian_A_sa.mp4; sourceTree = "<group>"; };
		F4D9FCAC201FB5B1004D0F4E /* Brian_A_60d_L.mp4 */ = {isa = PBXFileReference; lastKnownFileType = file; path = Brian_A_60d_L.mp4; sourceTree = "<group>"; };
		F4D9FCAD201FB5B1004D0F4E /* Brian_A_20d_R.mp4 */ = {isa = PBXFileReference; lastKnownFileType = file; path = Brian_A_20d_R.mp4; sourceTree = "<group>"; };
		F4D9FCAE201FB5B1004D0F4E /* Brian_A_30d_L.mp4 */ = {isa = PBXFileReference; lastKnownFileType = file; path = Brian_A_30d_L.mp4; sourceTree = "<group>"; };
		F4D9FCAF201FB5B1004D0F4E /* Brian_A_60d_R.mp4 */ = {isa = PBXFileReference; lastKnownFileType = file; path = Brian_A_60d_R.mp4; sourceTree = "<group>"; };
		F4D9FCB0201FB5B1004D0F4E /* Brian_A_20d_L.mp4 */ = {isa = PBXFileReference; lastKnownFileType = file; path = Brian_A_20d_L.mp4; sourceTree = "<group>"; };
		F4D9FCB1201FB5B1004D0F4E /* Brian_A_10d_L.mp4 */ = {isa = PBXFileReference; lastKnownFileType = file; path = Brian_A_10d_L.mp4; sourceTree = "<group>"; };
		F4D9FCB4201FB5B1004D0F4E /* Jess_N_30d_L.mp4 */ = {isa = PBXFileReference; lastKnownFileType = file; path = Jess_N_30d_L.mp4; sourceTree = "<group>"; };
		F4D9FCB5201FB5B1004D0F4E /* Jess_N_up.mp4 */ = {isa = PBXFileReference; lastKnownFileType = file; path = Jess_N_up.mp4; sourceTree = "<group>"; };
		F4D9FCB6201FB5B1004D0F4E /* Jess_N_20d_L.mp4 */ = {isa = PBXFileReference; lastKnownFileType = file; path = Jess_N_20d_L.mp4; sourceTree = "<group>"; };
		F4D9FCB7201FB5B1004D0F4E /* Jess_N_60d_R.mp4 */ = {isa = PBXFileReference; lastKnownFileType = file; path = Jess_N_60d_R.mp4; sourceTree = "<group>"; };
		F4D9FCB8201FB5B1004D0F4E /* Jess_N_sa.mp4 */ = {isa = PBXFileReference; lastKnownFileType = file; path = Jess_N_sa.mp4; sourceTree = "<group>"; };
		F4D9FCB9201FB5B1004D0F4E /* Jess_N_10d_L.mp4 */ = {isa = PBXFileReference; lastKnownFileType = file; path = Jess_N_10d_L.mp4; sourceTree = "<group>"; };
		F4D9FCBA201FB5B1004D0F4E /* Jess_N_10d_R.mp4 */ = {isa = PBXFileReference; lastKnownFileType = file; path = Jess_N_10d_R.mp4; sourceTree = "<group>"; };
		F4D9FCBB201FB5B1004D0F4E /* Jess_N_30d_R.mp4 */ = {isa = PBXFileReference; lastKnownFileType = file; path = Jess_N_30d_R.mp4; sourceTree = "<group>"; };
		F4D9FCBC201FB5B1004D0F4E /* Jess_N_20d_R.mp4 */ = {isa = PBXFileReference; lastKnownFileType = file; path = Jess_N_20d_R.mp4; sourceTree = "<group>"; };
		F4D9FCBD201FB5B1004D0F4E /* Jess_N_60d_L.mp4 */ = {isa = PBXFileReference; lastKnownFileType = file; path = Jess_N_60d_L.mp4; sourceTree = "<group>"; };
		F4D9FCBF201FB5B1004D0F4E /* Jess_A_10d_R.mp4 */ = {isa = PBXFileReference; lastKnownFileType = file; path = Jess_A_10d_R.mp4; sourceTree = "<group>"; };
		F4D9FCC0201FB5B1004D0F4E /* Jess_A_30d_R.mp4 */ = {isa = PBXFileReference; lastKnownFileType = file; path = Jess_A_30d_R.mp4; sourceTree = "<group>"; };
		F4D9FCC1201FB5B1004D0F4E /* Jess_A_60d_L.mp4 */ = {isa = PBXFileReference; lastKnownFileType = file; path = Jess_A_60d_L.mp4; sourceTree = "<group>"; };
		F4D9FCC2201FB5B1004D0F4E /* Jess_A_20d_R.mp4 */ = {isa = PBXFileReference; lastKnownFileType = file; path = Jess_A_20d_R.mp4; sourceTree = "<group>"; };
		F4D9FCC3201FB5B1004D0F4E /* Jess_A_30d_L.mp4 */ = {isa = PBXFileReference; lastKnownFileType = file; path = Jess_A_30d_L.mp4; sourceTree = "<group>"; };
		F4D9FCC4201FB5B1004D0F4E /* Jess_A_up.mp4 */ = {isa = PBXFileReference; lastKnownFileType = file; path = Jess_A_up.mp4; sourceTree = "<group>"; };
		F4D9FCC5201FB5B1004D0F4E /* Jess_A_60d_R.mp4 */ = {isa = PBXFileReference; lastKnownFileType = file; path = Jess_A_60d_R.mp4; sourceTree = "<group>"; };
		F4D9FCC6201FB5B1004D0F4E /* Jess_A_20d_L.mp4 */ = {isa = PBXFileReference; lastKnownFileType = file; path = Jess_A_20d_L.mp4; sourceTree = "<group>"; };
		F4D9FCC7201FB5B1004D0F4E /* Jess_A_sa.mp4 */ = {isa = PBXFileReference; lastKnownFileType = file; path = Jess_A_sa.mp4; sourceTree = "<group>"; };
		F4D9FCC8201FB5B1004D0F4E /* Jess_A_10d_L.mp4 */ = {isa = PBXFileReference; lastKnownFileType = file; path = Jess_A_10d_L.mp4; sourceTree = "<group>"; };
		F842EE00EDF60EDB87DB497C /* Pods-cTOMTests.debug.xcconfig */ = {isa = PBXFileReference; includeInIndex = 1; lastKnownFileType = text.xcconfig; name = "Pods-cTOMTests.debug.xcconfig"; path = "Pods/Target Support Files/Pods-cTOMTests/Pods-cTOMTests.debug.xcconfig"; sourceTree = "<group>"; };
/* End PBXFileReference section */

/* Begin PBXFrameworksBuildPhase section */
		F4D9FC27201FB3BB004D0F4E /* Frameworks */ = {
			isa = PBXFrameworksBuildPhase;
			buildActionMask = 2147483647;
			files = (
				5684E6763C1CEA4A1B13BC6E /* Pods_cTOM.framework in Frameworks */,
			);
			runOnlyForDeploymentPostprocessing = 0;
		};
		F4D9FC3B201FB3BB004D0F4E /* Frameworks */ = {
			isa = PBXFrameworksBuildPhase;
			buildActionMask = 2147483647;
			files = (
				51541D06A6341694FD846A0B /* Pods_cTOMTests.framework in Frameworks */,
			);
			runOnlyForDeploymentPostprocessing = 0;
		};
/* End PBXFrameworksBuildPhase section */

/* Begin PBXGroup section */
		3441ED3A7C8F2915389A07F6 /* Frameworks */ = {
			isa = PBXGroup;
			children = (
				AADBDB6E1C3E79DF95807711 /* Pods_cTOM.framework */,
				B6FCF397165E9619EA936879 /* Pods_cTOMTests.framework */,
			);
			name = Frameworks;
			sourceTree = "<group>";
		};
		E167F1AF11556CF4C5AACD46 /* Pods */ = {
			isa = PBXGroup;
			children = (
				A9EE84371BFE9603AF11687A /* Pods-cTOM.debug.xcconfig */,
				7CF00571102A36FF722BD165 /* Pods-cTOM.release.xcconfig */,
				F842EE00EDF60EDB87DB497C /* Pods-cTOMTests.debug.xcconfig */,
				ADEAE1624F9FBD6227BD4F3A /* Pods-cTOMTests.release.xcconfig */,
			);
			name = Pods;
			sourceTree = "<group>";
		};
		F4CEFB8C202B637100AE1291 /* c_TOM_Stories */ = {
			isa = PBXGroup;
			children = (
				F4CEFB99202B66A600AE1291 /* Audio */,
				F4CEFB8E202B63B900AE1291 /* Apple_1.mp4 */,
				F4CEFB90202B63B900AE1291 /* Apple_2.mp4 */,
				F4CEFB92202B63B900AE1291 /* Present_1.mp4 */,
				F4CEFB8F202B63B900AE1291 /* Present_2.mp4 */,
				F4CEFB8D202B63B900AE1291 /* Robbery_3.mp4 */,
				F4CEFB91202B63B900AE1291 /* Robbery_4.mp4 */,
			);
			path = c_TOM_Stories;
			sourceTree = "<group>";
		};
		F4CEFB99202B66A600AE1291 /* Audio */ = {
			isa = PBXGroup;
			children = (
				F4499AE62034AA8100AD2CFD /* c-TOM Stories introduction.m4a */,
				F4CEFBA8202B678600AE1291 /* What Does Jane Assume Tom Thinks Is In The Box.m4a */,
				F4CEFBA5202B678500AE1291 /* What Does Jane Think Is In The Box.m4a */,
				F4CEFBA4202B678500AE1291 /* What Does John Assume Kate Thinks Is In Her Backpack.m4a */,
				F4CEFB9D202B678500AE1291 /* What Does John Think Is In His Backpack.m4a */,
				F4CEFB9A202B678500AE1291 /* What Does Kate Assume John Thinks Is In His Backpack.m4a */,
				F4CEFBA2202B678500AE1291 /* What Does Kate Think Is In Her Backpack.m4a */,
				F4CEFBA7202B678500AE1291 /* What Does Tom Assume Jane Thinks Is In The Box.m4a */,
				F4CEFB9E202B678500AE1291 /* What Does Tom Think Is In The Box.m4a */,
				F4CEFB9F202B678500AE1291 /* What Is In The Backpack.m4a */,
				F4CEFBA3202B678500AE1291 /* What Is In The Box.m4a */,
				F4CEFBA6202B678500AE1291 /* Where Does Jane Assume Tom Thinks His Apple Is.m4a */,
				F4CEFBA0202B678500AE1291 /* Where Does Jane Think Her Apple Is.m4a */,
				F4CEFB9C202B678500AE1291 /* Where Does Tom Assume Jane Thinks Her Apple Is.m4a */,
				F4CEFB9B202B678500AE1291 /* Where Does Tom Think His Apple Is.m4a */,
				F4CEFBA1202B678500AE1291 /* Where Is The Apple.m4a */,
			);
			path = Audio;
			sourceTree = "<group>";
		};
		F4D9FC21201FB3BB004D0F4E = {
			isa = PBXGroup;
			children = (
				F4D9FC69201FB5A1004D0F4E /* Media */,
				F4D9FC4D201FB3C3004D0F4E /* FMDB */,
				F4D9FC2C201FB3BB004D0F4E /* cTOM */,
				F4D9FC41201FB3BB004D0F4E /* cTOMTests */,
				F4D9FC2B201FB3BB004D0F4E /* Products */,
				E167F1AF11556CF4C5AACD46 /* Pods */,
				3441ED3A7C8F2915389A07F6 /* Frameworks */,
			);
			sourceTree = "<group>";
		};
		F4D9FC2B201FB3BB004D0F4E /* Products */ = {
			isa = PBXGroup;
			children = (
				F4D9FC2A201FB3BB004D0F4E /* cTOM.app */,
				F4D9FC3E201FB3BB004D0F4E /* cTOMTests.xctest */,
			);
			name = Products;
			sourceTree = "<group>";
		};
		F4D9FC2C201FB3BB004D0F4E /* cTOM */ = {
			isa = PBXGroup;
			children = (
				F4D9FD1B201FB6A8004D0F4E /* Database */,
				F4D9FC64201FB463004D0F4E /* Models */,
				F42797FB2031D52C007F5BE8 /* ViewControllerAdminLogin.swift */,
				F427980120321051007F5BE8 /* ViewControllerAdminRegister.swift */,
				F42797FD2031D5B0007F5BE8 /* ViewControllerAdminHome.swift */,
				F4D9FC2F201FB3BB004D0F4E /* ViewControllerTests.swift */,
				F46375DC2028D3B0007CC87F /* ViewControllerStories.swift */,
				F4BC1F68202A275500A2E2B1 /* ViewControllerStoriesTrials.swift */,
				F4B99F06202891DC003C25C0 /* ViewControllerGazePractice.swift */,
				F4CD745520209E8700C8A791 /* ViewControllerGaze.swift */,
				F4D9FC31201FB3BB004D0F4E /* Main.storyboard */,
				F49E4B542022585500161F15 /* Assets.xcassets */,
				F4D9FC36201FB3BB004D0F4E /* LaunchScreen.storyboard */,
				F4D9FC2D201FB3BB004D0F4E /* AppDelegate.swift */,
				F4D9FC39201FB3BB004D0F4E /* Info.plist */,
			);
			path = cTOM;
			sourceTree = "<group>";
		};
		F4D9FC41201FB3BB004D0F4E /* cTOMTests */ = {
			isa = PBXGroup;
			children = (
				F4D9FC42201FB3BB004D0F4E /* cTOMTests.swift */,
				F4D9FC44201FB3BB004D0F4E /* Info.plist */,
			);
			path = cTOMTests;
			sourceTree = "<group>";
		};
		F4D9FC4D201FB3C3004D0F4E /* FMDB */ = {
			isa = PBXGroup;
			children = (
				F4D9FC50201FB3E2004D0F4E /* FMDatabase.h */,
				F4D9FC54201FB3E2004D0F4E /* FMDatabase.m */,
				F4D9FC5A201FB3E3004D0F4E /* FMDatabaseAdditions.h */,
				F4D9FC52201FB3E2004D0F4E /* FMDatabaseAdditions.m */,
				F4D9FC59201FB3E3004D0F4E /* FMDatabasePool.h */,
				F4D9FC51201FB3E2004D0F4E /* FMDatabasePool.m */,
				F4D9FC53201FB3E2004D0F4E /* FMDatabaseQueue.h */,
				F4D9FC55201FB3E2004D0F4E /* FMDatabaseQueue.m */,
				F4D9FC56201FB3E3004D0F4E /* FMDB.h */,
				F4D9FC57201FB3E3004D0F4E /* FMResultSet.h */,
				F4D9FC4F201FB3E2004D0F4E /* FMResultSet.m */,
				F4D9FC58201FB3E3004D0F4E /* Info.plist */,
				F4D9FC4E201FB3E1004D0F4E /* cTOM-Bridging-Header.h */,
			);
			path = FMDB;
			sourceTree = "<group>";
		};
		F4D9FC64201FB463004D0F4E /* Models */ = {
			isa = PBXGroup;
			children = (
				F4D9FC67201FB4A9004D0F4E /* Trackers.swift */,
				F4B7189C2020D60A00BE3EB6 /* Result.swift */,
				F4D9FC65201FB47C004D0F4E /* DBManager.swift */,
			);
			path = Models;
			sourceTree = "<group>";
		};
		F4D9FC69201FB5A1004D0F4E /* Media */ = {
			isa = PBXGroup;
			children = (
				F4CEFB8C202B637100AE1291 /* c_TOM_Stories */,
				F4994B8120247688001CE79C /* Ding Sound Effect.m4a */,
				F4D9FC6A201FB5B1004D0F4E /* c_TOM_Gaze */,
			);
			path = Media;
			sourceTree = "<group>";
		};
		F4D9FC6A201FB5B1004D0F4E /* c_TOM_Gaze */ = {
			isa = PBXGroup;
			children = (
				F4B99F0820289585003C25C0 /* GazePractice.png */,
				F4D9FC6B201FB5B1004D0F4E /* Jenny */,
				F4D9FC82201FB5B1004D0F4E /* Chris */,
				F4D9FC99201FB5B1004D0F4E /* Montage.mp4 */,
				F4D9FC9A201FB5B1004D0F4E /* Brian */,
				F4D9FCB2201FB5B1004D0F4E /* Jess */,
			);
			path = c_TOM_Gaze;
			sourceTree = "<group>";
		};
		F4D9FC6B201FB5B1004D0F4E /* Jenny */ = {
			isa = PBXGroup;
			children = (
				F4D9FC6C201FB5B1004D0F4E /* Neutral */,
				F4D9FC77201FB5B1004D0F4E /* Angry */,
			);
			path = Jenny;
			sourceTree = "<group>";
		};
		F4D9FC6C201FB5B1004D0F4E /* Neutral */ = {
			isa = PBXGroup;
			children = (
				F4D9FC6D201FB5B1004D0F4E /* Jenny_N_10d_R.mp4 */,
				F4D9FC6E201FB5B1004D0F4E /* Jenny_N_30d_R.mp4 */,
				F4D9FC6F201FB5B1004D0F4E /* Jenny_N_60d_L.mp4 */,
				F4D9FC70201FB5B1004D0F4E /* Jenny_N_20d_R.mp4 */,
				F4D9FC71201FB5B1004D0F4E /* Jenny_N_30d_L.mp4 */,
				F4D9FC72201FB5B1004D0F4E /* Jenny_N_60d_R.mp4 */,
				F4D9FC73201FB5B1004D0F4E /* Jenny_N_20d_L.mp4 */,
				F4D9FC74201FB5B1004D0F4E /* Jenny_N_sa.mp4 */,
				F4D9FC75201FB5B1004D0F4E /* Jenny_N_up.mp4 */,
				F4D9FC76201FB5B1004D0F4E /* Jenny_N_10d_L.mp4 */,
			);
			path = Neutral;
			sourceTree = "<group>";
		};
		F4D9FC77201FB5B1004D0F4E /* Angry */ = {
			isa = PBXGroup;
			children = (
				F4D9FC78201FB5B1004D0F4E /* Jenny_A_sa.mp4 */,
				F4D9FC79201FB5B1004D0F4E /* Jenny_A_30d_L.mp4 */,
				F4D9FC7A201FB5B1004D0F4E /* Jenny_A_20d_L.mp4 */,
				F4D9FC7B201FB5B1004D0F4E /* Jenny_A_60d_R.mp4 */,
				F4D9FC7C201FB5B1004D0F4E /* Jenny_A_up.mp4 */,
				F4D9FC7D201FB5B1004D0F4E /* Jenny_A_10d_L.mp4 */,
				F4D9FC7E201FB5B1004D0F4E /* Jenny_A_10d_R.mp4 */,
				F4D9FC7F201FB5B1004D0F4E /* Jenny_A_30d_R.mp4 */,
				F4D9FC80201FB5B1004D0F4E /* Jenny_A_20d_R.mp4 */,
				F4D9FC81201FB5B1004D0F4E /* Jenny_A_60d_L.mp4 */,
			);
			path = Angry;
			sourceTree = "<group>";
		};
		F4D9FC82201FB5B1004D0F4E /* Chris */ = {
			isa = PBXGroup;
			children = (
				F4D9FC83201FB5B1004D0F4E /* Neutral */,
				F4D9FC8E201FB5B1004D0F4E /* Angry */,
			);
			path = Chris;
			sourceTree = "<group>";
		};
		F4D9FC83201FB5B1004D0F4E /* Neutral */ = {
			isa = PBXGroup;
			children = (
				F4D9FC84201FB5B1004D0F4E /* Chris_N_10d_R.mp4 */,
				F4D9FC85201FB5B1004D0F4E /* Chris_N_30d_R.mp4 */,
				F4D9FC86201FB5B1004D0F4E /* Chris_N_60d_L.mp4 */,
				F4D9FC87201FB5B1004D0F4E /* Chris_N_20d_R.mp4 */,
				F4D9FC88201FB5B1004D0F4E /* Chris_N_30d_L.mp4 */,
				F4D9FC89201FB5B1004D0F4E /* Chris_N_60d_R.mp4 */,
				F4D9FC8A201FB5B1004D0F4E /* Chris_N_sa.mp4 */,
				F4D9FC8B201FB5B1004D0F4E /* Chris_N_20d_L.mp4 */,
				F4D9FC8C201FB5B1004D0F4E /* Chris_N_up.mp4 */,
				F4D9FC8D201FB5B1004D0F4E /* Chris_N_10d_L.mp4 */,
			);
			path = Neutral;
			sourceTree = "<group>";
		};
		F4D9FC8E201FB5B1004D0F4E /* Angry */ = {
			isa = PBXGroup;
			children = (
				F4D9FC8F201FB5B1004D0F4E /* Chris_A_30d_L.mp4 */,
				F4D9FC90201FB5B1004D0F4E /* Chris_A_sa.mp4 */,
				F4D9FC91201FB5B1004D0F4E /* Chris_A_20d_L.mp4 */,
				F4D9FC92201FB5B1004D0F4E /* Chris_A_60d_R.mp4 */,
				F4D9FC93201FB5B1004D0F4E /* Chris_A_10d_L.mp4 */,
				F4D9FC94201FB5B1004D0F4E /* Chris_A_up.mp4 */,
				F4D9FC95201FB5B1004D0F4E /* Chris_A_10d_R.mp4 */,
				F4D9FC96201FB5B1004D0F4E /* Chris_A_30d_R.mp4 */,
				F4D9FC97201FB5B1004D0F4E /* Chris_A_20d_R.mp4 */,
				F4D9FC98201FB5B1004D0F4E /* Chris_A_60d_L.mp4 */,
			);
			path = Angry;
			sourceTree = "<group>";
		};
		F4D9FC9A201FB5B1004D0F4E /* Brian */ = {
			isa = PBXGroup;
			children = (
				F4D9FC9B201FB5B1004D0F4E /* Neutral */,
				F4D9FCA7201FB5B1004D0F4E /* Angry */,
			);
			path = Brian;
			sourceTree = "<group>";
		};
		F4D9FC9B201FB5B1004D0F4E /* Neutral */ = {
			isa = PBXGroup;
			children = (
				F4D9FC9C201FB5B1004D0F4E /* Brian_N_30d_L.mp4 */,
				F4D9FC9D201FB5B1004D0F4E /* Brian_N_20d_L.mp4 */,
				F4D9FC9E201FB5B1004D0F4E /* Brian_N_60d_R.mp4 */,
				F4D9FC9F201FB5B1004D0F4E /* Brian_N_up_2.mp4 */,
				F4D9FCA0201FB5B1004D0F4E /* Brian_N_10d_L.mp4 */,
				F4D9FCA1201FB5B1004D0F4E /* Brian_N_up.mp4 */,
				F4D9FCA2201FB5B1004D0F4E /* Brian_N_10d_R.mp4 */,
				F4D9FCA3201FB5B1004D0F4E /* Brian_N_30d_R.mp4 */,
				F4D9FCA4201FB5B1004D0F4E /* Brian_N_20d_R.mp4 */,
				F4D9FCA5201FB5B1004D0F4E /* Brian_N_60d_L.mp4 */,
				F4D9FCA6201FB5B1004D0F4E /* Brian_N_sa.mp4 */,
			);
			path = Neutral;
			sourceTree = "<group>";
		};
		F4D9FCA7201FB5B1004D0F4E /* Angry */ = {
			isa = PBXGroup;
			children = (
				F4D9FCA8201FB5B1004D0F4E /* Brian_A_up.mp4 */,
				F4D9FCA9201FB5B1004D0F4E /* Brian_A_10d_R.mp4 */,
				F4D9FCAA201FB5B1004D0F4E /* Brian_A_30d_R.mp4 */,
				F4D9FCAB201FB5B1004D0F4E /* Brian_A_sa.mp4 */,
				F4D9FCAC201FB5B1004D0F4E /* Brian_A_60d_L.mp4 */,
				F4D9FCAD201FB5B1004D0F4E /* Brian_A_20d_R.mp4 */,
				F4D9FCAE201FB5B1004D0F4E /* Brian_A_30d_L.mp4 */,
				F4D9FCAF201FB5B1004D0F4E /* Brian_A_60d_R.mp4 */,
				F4D9FCB0201FB5B1004D0F4E /* Brian_A_20d_L.mp4 */,
				F4D9FCB1201FB5B1004D0F4E /* Brian_A_10d_L.mp4 */,
			);
			path = Angry;
			sourceTree = "<group>";
		};
		F4D9FCB2201FB5B1004D0F4E /* Jess */ = {
			isa = PBXGroup;
			children = (
				F4D9FCB3201FB5B1004D0F4E /* Neutral */,
				F4D9FCBE201FB5B1004D0F4E /* Angry */,
			);
			path = Jess;
			sourceTree = "<group>";
		};
		F4D9FCB3201FB5B1004D0F4E /* Neutral */ = {
			isa = PBXGroup;
			children = (
				F4D9FCB4201FB5B1004D0F4E /* Jess_N_30d_L.mp4 */,
				F4D9FCB5201FB5B1004D0F4E /* Jess_N_up.mp4 */,
				F4D9FCB6201FB5B1004D0F4E /* Jess_N_20d_L.mp4 */,
				F4D9FCB7201FB5B1004D0F4E /* Jess_N_60d_R.mp4 */,
				F4D9FCB8201FB5B1004D0F4E /* Jess_N_sa.mp4 */,
				F4D9FCB9201FB5B1004D0F4E /* Jess_N_10d_L.mp4 */,
				F4D9FCBA201FB5B1004D0F4E /* Jess_N_10d_R.mp4 */,
				F4D9FCBB201FB5B1004D0F4E /* Jess_N_30d_R.mp4 */,
				F4D9FCBC201FB5B1004D0F4E /* Jess_N_20d_R.mp4 */,
				F4D9FCBD201FB5B1004D0F4E /* Jess_N_60d_L.mp4 */,
			);
			path = Neutral;
			sourceTree = "<group>";
		};
		F4D9FCBE201FB5B1004D0F4E /* Angry */ = {
			isa = PBXGroup;
			children = (
				F4D9FCBF201FB5B1004D0F4E /* Jess_A_10d_R.mp4 */,
				F4D9FCC0201FB5B1004D0F4E /* Jess_A_30d_R.mp4 */,
				F4D9FCC1201FB5B1004D0F4E /* Jess_A_60d_L.mp4 */,
				F4D9FCC2201FB5B1004D0F4E /* Jess_A_20d_R.mp4 */,
				F4D9FCC3201FB5B1004D0F4E /* Jess_A_30d_L.mp4 */,
				F4D9FCC4201FB5B1004D0F4E /* Jess_A_up.mp4 */,
				F4D9FCC5201FB5B1004D0F4E /* Jess_A_60d_R.mp4 */,
				F4D9FCC6201FB5B1004D0F4E /* Jess_A_20d_L.mp4 */,
				F4D9FCC7201FB5B1004D0F4E /* Jess_A_sa.mp4 */,
				F4D9FCC8201FB5B1004D0F4E /* Jess_A_10d_L.mp4 */,
			);
			path = Angry;
			sourceTree = "<group>";
		};
		F4D9FD1B201FB6A8004D0F4E /* Database */ = {
			isa = PBXGroup;
			children = (
				F42797FF2031D76E007F5BE8 /* cTOM.db */,
			);
			path = Database;
			sourceTree = "<group>";
		};
/* End PBXGroup section */

/* Begin PBXNativeTarget section */
		F4D9FC29201FB3BB004D0F4E /* cTOM */ = {
			isa = PBXNativeTarget;
			buildConfigurationList = F4D9FC47201FB3BB004D0F4E /* Build configuration list for PBXNativeTarget "cTOM" */;
			buildPhases = (
				AF4BF2E5531B29C4B7DD3388 /* [CP] Check Pods Manifest.lock */,
				F4D9FC26201FB3BB004D0F4E /* Sources */,
				F4D9FC27201FB3BB004D0F4E /* Frameworks */,
				F4D9FC28201FB3BB004D0F4E /* Resources */,
				A8BC1E1A56A9685FE18F9FCA /* [CP] Embed Pods Frameworks */,
				0D41D7BF303F1B7B818CA515 /* [CP] Copy Pods Resources */,
			);
			buildRules = (
			);
			dependencies = (
			);
			name = cTOM;
			productName = cTOM;
			productReference = F4D9FC2A201FB3BB004D0F4E /* cTOM.app */;
			productType = "com.apple.product-type.application";
		};
		F4D9FC3D201FB3BB004D0F4E /* cTOMTests */ = {
			isa = PBXNativeTarget;
			buildConfigurationList = F4D9FC4A201FB3BB004D0F4E /* Build configuration list for PBXNativeTarget "cTOMTests" */;
			buildPhases = (
				9EA682EA2514C0EBEF1984F7 /* [CP] Check Pods Manifest.lock */,
				F4D9FC3A201FB3BB004D0F4E /* Sources */,
				F4D9FC3B201FB3BB004D0F4E /* Frameworks */,
				F4D9FC3C201FB3BB004D0F4E /* Resources */,
				E3589BCD258CED11E90FE812 /* [CP] Embed Pods Frameworks */,
				E7DE4FD158C59E478FA75205 /* [CP] Copy Pods Resources */,
			);
			buildRules = (
			);
			dependencies = (
				F4D9FC40201FB3BB004D0F4E /* PBXTargetDependency */,
			);
			name = cTOMTests;
			productName = cTOMTests;
			productReference = F4D9FC3E201FB3BB004D0F4E /* cTOMTests.xctest */;
			productType = "com.apple.product-type.bundle.unit-test";
		};
/* End PBXNativeTarget section */

/* Begin PBXProject section */
		F4D9FC22201FB3BB004D0F4E /* Project object */ = {
			isa = PBXProject;
			attributes = {
				LastSwiftUpdateCheck = 0920;
				LastUpgradeCheck = 0920;
				ORGANIZATIONNAME = "Conor O'Grady";
				TargetAttributes = {
					F4D9FC29201FB3BB004D0F4E = {
						CreatedOnToolsVersion = 9.2;
						LastSwiftMigration = 0920;
						ProvisioningStyle = Automatic;
					};
					F4D9FC3D201FB3BB004D0F4E = {
						CreatedOnToolsVersion = 9.2;
						ProvisioningStyle = Automatic;
						TestTargetID = F4D9FC29201FB3BB004D0F4E;
					};
				};
			};
			buildConfigurationList = F4D9FC25201FB3BB004D0F4E /* Build configuration list for PBXProject "cTOM" */;
			compatibilityVersion = "Xcode 8.0";
			developmentRegion = en;
			hasScannedForEncodings = 0;
			knownRegions = (
				en,
				Base,
			);
			mainGroup = F4D9FC21201FB3BB004D0F4E;
			productRefGroup = F4D9FC2B201FB3BB004D0F4E /* Products */;
			projectDirPath = "";
			projectRoot = "";
			targets = (
				F4D9FC29201FB3BB004D0F4E /* cTOM */,
				F4D9FC3D201FB3BB004D0F4E /* cTOMTests */,
			);
		};
/* End PBXProject section */

/* Begin PBXResourcesBuildPhase section */
		F4D9FC28201FB3BB004D0F4E /* Resources */ = {
			isa = PBXResourcesBuildPhase;
			buildActionMask = 2147483647;
			files = (
				F4CEFBAB202B678600AE1291 /* Where Does Tom Assume Jane Thinks Her Apple Is.m4a in Resources */,
				F4D9FCD6201FB5B1004D0F4E /* Jenny_A_60d_R.mp4 in Resources */,
				F4D9FCC9201FB5B1004D0F4E /* Jenny_N_10d_R.mp4 in Resources */,
				F4D9FCCA201FB5B1004D0F4E /* Jenny_N_30d_R.mp4 in Resources */,
				F4D9FD0F201FB5B1004D0F4E /* Jess_N_20d_R.mp4 in Resources */,
				F4B99F0920289585003C25C0 /* GazePractice.png in Resources */,
				F4D9FCE2201FB5B1004D0F4E /* Chris_N_60d_R.mp4 in Resources */,
				F4CEFBB1202B678600AE1291 /* What Does Kate Think Is In Her Backpack.m4a in Resources */,
				F4D9FCFC201FB5B1004D0F4E /* Brian_N_sa.mp4 in Resources */,
				F4CEFB98202B63B900AE1291 /* Present_1.mp4 in Resources */,
				F4D9FCD4201FB5B1004D0F4E /* Jenny_A_30d_L.mp4 in Resources */,
				F4D9FD07201FB5B1004D0F4E /* Jess_N_30d_L.mp4 in Resources */,
				F4CEFBB3202B678600AE1291 /* What Does John Assume Kate Thinks Is In Her Backpack.m4a in Resources */,
				F4D9FCCD201FB5B1004D0F4E /* Jenny_N_30d_L.mp4 in Resources */,
				F4D9FD06201FB5B1004D0F4E /* Brian_A_10d_L.mp4 in Resources */,
				F4D9FCE3201FB5B1004D0F4E /* Chris_N_sa.mp4 in Resources */,
				F4CEFBAA202B678600AE1291 /* Where Does Tom Think His Apple Is.m4a in Resources */,
				F4D9FCDD201FB5B1004D0F4E /* Chris_N_10d_R.mp4 in Resources */,
				F4D9FCFA201FB5B1004D0F4E /* Brian_N_20d_R.mp4 in Resources */,
				F4D9FCEB201FB5B1004D0F4E /* Chris_A_10d_L.mp4 in Resources */,
				F4D9FD0C201FB5B1004D0F4E /* Jess_N_10d_L.mp4 in Resources */,
				F4D9FCF1201FB5B1004D0F4E /* Montage.mp4 in Resources */,
				F4D9FCD5201FB5B1004D0F4E /* Jenny_A_20d_L.mp4 in Resources */,
				F4D9FD0D201FB5B1004D0F4E /* Jess_N_10d_R.mp4 in Resources */,
				F4D9FD12201FB5B1004D0F4E /* Jess_A_30d_R.mp4 in Resources */,
				F4CEFBB0202B678600AE1291 /* Where Is The Apple.m4a in Resources */,
				F4D9FCE0201FB5B1004D0F4E /* Chris_N_20d_R.mp4 in Resources */,
				F4D9FCFB201FB5B1004D0F4E /* Brian_N_60d_L.mp4 in Resources */,
				F4CEFB97202B63B900AE1291 /* Robbery_4.mp4 in Resources */,
				F4D9FC60201FB3E3004D0F4E /* Info.plist in Resources */,
				F4CEFB93202B63B900AE1291 /* Robbery_3.mp4 in Resources */,
				F4D9FD00201FB5B1004D0F4E /* Brian_A_sa.mp4 in Resources */,
				F4D9FCD3201FB5B1004D0F4E /* Jenny_A_sa.mp4 in Resources */,
				F4D9FCDC201FB5B1004D0F4E /* Jenny_A_60d_L.mp4 in Resources */,
				F42798002031D76E007F5BE8 /* cTOM.db in Resources */,
				F4D9FCD1201FB5B1004D0F4E /* Jenny_N_up.mp4 in Resources */,
				F4D9FD11201FB5B1004D0F4E /* Jess_A_10d_R.mp4 in Resources */,
				F4D9FD18201FB5B1004D0F4E /* Jess_A_20d_L.mp4 in Resources */,
				F4D9FD1A201FB5B1004D0F4E /* Jess_A_10d_L.mp4 in Resources */,
				F4CEFBA9202B678600AE1291 /* What Does Kate Assume John Thinks Is In His Backpack.m4a in Resources */,
				F4D9FCFD201FB5B1004D0F4E /* Brian_A_up.mp4 in Resources */,
				F4D9FCEA201FB5B1004D0F4E /* Chris_A_60d_R.mp4 in Resources */,
				F4D9FCD9201FB5B1004D0F4E /* Jenny_A_10d_R.mp4 in Resources */,
				F4D9FCE6201FB5B1004D0F4E /* Chris_N_10d_L.mp4 in Resources */,
				F4D9FCDB201FB5B1004D0F4E /* Jenny_A_20d_R.mp4 in Resources */,
				F4D9FC38201FB3BB004D0F4E /* LaunchScreen.storyboard in Resources */,
				F4D9FD04201FB5B1004D0F4E /* Brian_A_60d_R.mp4 in Resources */,
				F4D9FD17201FB5B1004D0F4E /* Jess_A_60d_R.mp4 in Resources */,
				F4D9FCEC201FB5B1004D0F4E /* Chris_A_up.mp4 in Resources */,
				F4CEFBAE202B678600AE1291 /* What Is In The Backpack.m4a in Resources */,
				F4D9FD16201FB5B1004D0F4E /* Jess_A_up.mp4 in Resources */,
				F4D9FD05201FB5B1004D0F4E /* Brian_A_20d_L.mp4 in Resources */,
				F4D9FCD0201FB5B1004D0F4E /* Jenny_N_sa.mp4 in Resources */,
				F4D9FCE9201FB5B1004D0F4E /* Chris_A_20d_L.mp4 in Resources */,
				F4CEFB96202B63B900AE1291 /* Apple_2.mp4 in Resources */,
				F4D9FD08201FB5B1004D0F4E /* Jess_N_up.mp4 in Resources */,
				F4D9FCE4201FB5B1004D0F4E /* Chris_N_20d_L.mp4 in Resources */,
				F4499AE72034AA8100AD2CFD /* c-TOM Stories introduction.m4a in Resources */,
				F4D9FCF3201FB5B1004D0F4E /* Brian_N_20d_L.mp4 in Resources */,
				F4CEFBAC202B678600AE1291 /* What Does John Think Is In His Backpack.m4a in Resources */,
				F4D9FCF8201FB5B1004D0F4E /* Brian_N_10d_R.mp4 in Resources */,
				F4D9FD0E201FB5B1004D0F4E /* Jess_N_30d_R.mp4 in Resources */,
				F4CEFB95202B63B900AE1291 /* Present_2.mp4 in Resources */,
				F4D9FCF2201FB5B1004D0F4E /* Brian_N_30d_L.mp4 in Resources */,
				F4D9FCCF201FB5B1004D0F4E /* Jenny_N_20d_L.mp4 in Resources */,
				F4D9FD19201FB5B1004D0F4E /* Jess_A_sa.mp4 in Resources */,
				F4D9FCE8201FB5B1004D0F4E /* Chris_A_sa.mp4 in Resources */,
				F4CEFBB6202B678600AE1291 /* What Does Tom Assume Jane Thinks Is In The Box.m4a in Resources */,
				F4D9FCF7201FB5B1004D0F4E /* Brian_N_up.mp4 in Resources */,
				F4D9FCCE201FB5B1004D0F4E /* Jenny_N_60d_R.mp4 in Resources */,
				F4D9FCCB201FB5B1004D0F4E /* Jenny_N_60d_L.mp4 in Resources */,
				F49E4B552022585500161F15 /* Assets.xcassets in Resources */,
				F4D9FCDA201FB5B1004D0F4E /* Jenny_A_30d_R.mp4 in Resources */,
				F4D9FCFF201FB5B1004D0F4E /* Brian_A_30d_R.mp4 in Resources */,
				F4CEFB94202B63B900AE1291 /* Apple_1.mp4 in Resources */,
				F4D9FD10201FB5B1004D0F4E /* Jess_N_60d_L.mp4 in Resources */,
				F4D9FCF6201FB5B1004D0F4E /* Brian_N_10d_L.mp4 in Resources */,
				F4CEFBAD202B678600AE1291 /* What Does Tom Think Is In The Box.m4a in Resources */,
				F4D9FD01201FB5B1004D0F4E /* Brian_A_60d_L.mp4 in Resources */,
				F4D9FD02201FB5B1004D0F4E /* Brian_A_20d_R.mp4 in Resources */,
				F4D9FCD8201FB5B1004D0F4E /* Jenny_A_10d_L.mp4 in Resources */,
				F4D9FD15201FB5B1004D0F4E /* Jess_A_30d_L.mp4 in Resources */,
				F4D9FD03201FB5B1004D0F4E /* Brian_A_30d_L.mp4 in Resources */,
				F4D9FC33201FB3BB004D0F4E /* Main.storyboard in Resources */,
				F4D9FCDE201FB5B1004D0F4E /* Chris_N_30d_R.mp4 in Resources */,
				F4D9FCFE201FB5B1004D0F4E /* Brian_A_10d_R.mp4 in Resources */,
				F4CEFBB4202B678600AE1291 /* What Does Jane Think Is In The Box.m4a in Resources */,
				F4D9FD0A201FB5B1004D0F4E /* Jess_N_60d_R.mp4 in Resources */,
				F4D9FCE5201FB5B1004D0F4E /* Chris_N_up.mp4 in Resources */,
				F4D9FD09201FB5B1004D0F4E /* Jess_N_20d_L.mp4 in Resources */,
				F4D9FD0B201FB5B1004D0F4E /* Jess_N_sa.mp4 in Resources */,
				F4D9FCED201FB5B1004D0F4E /* Chris_A_10d_R.mp4 in Resources */,
				F4D9FCF4201FB5B1004D0F4E /* Brian_N_60d_R.mp4 in Resources */,
				F4D9FCF0201FB5B1004D0F4E /* Chris_A_60d_L.mp4 in Resources */,
				F4CEFBB7202B678600AE1291 /* What Does Jane Assume Tom Thinks Is In The Box.m4a in Resources */,
				F4D9FCEF201FB5B1004D0F4E /* Chris_A_20d_R.mp4 in Resources */,
				F4D9FD14201FB5B1004D0F4E /* Jess_A_20d_R.mp4 in Resources */,
				F4CEFBB2202B678600AE1291 /* What Is In The Box.m4a in Resources */,
				F4994B8220247688001CE79C /* Ding Sound Effect.m4a in Resources */,
				F4D9FCD2201FB5B1004D0F4E /* Jenny_N_10d_L.mp4 in Resources */,
				F4D9FCE1201FB5B1004D0F4E /* Chris_N_30d_L.mp4 in Resources */,
				F4D9FCEE201FB5B1004D0F4E /* Chris_A_30d_R.mp4 in Resources */,
				F4D9FD13201FB5B1004D0F4E /* Jess_A_60d_L.mp4 in Resources */,
				F4D9FCD7201FB5B1004D0F4E /* Jenny_A_up.mp4 in Resources */,
				F4D9FCF9201FB5B1004D0F4E /* Brian_N_30d_R.mp4 in Resources */,
				F4CEFBAF202B678600AE1291 /* Where Does Jane Think Her Apple Is.m4a in Resources */,
				F4D9FCF5201FB5B1004D0F4E /* Brian_N_up_2.mp4 in Resources */,
				F4D9FCDF201FB5B1004D0F4E /* Chris_N_60d_L.mp4 in Resources */,
				F4D9FCE7201FB5B1004D0F4E /* Chris_A_30d_L.mp4 in Resources */,
				F4D9FCCC201FB5B1004D0F4E /* Jenny_N_20d_R.mp4 in Resources */,
				F4CEFBB5202B678600AE1291 /* Where Does Jane Assume Tom Thinks His Apple Is.m4a in Resources */,
			);
			runOnlyForDeploymentPostprocessing = 0;
		};
		F4D9FC3C201FB3BB004D0F4E /* Resources */ = {
			isa = PBXResourcesBuildPhase;
			buildActionMask = 2147483647;
			files = (
			);
			runOnlyForDeploymentPostprocessing = 0;
		};
/* End PBXResourcesBuildPhase section */

/* Begin PBXShellScriptBuildPhase section */
		0D41D7BF303F1B7B818CA515 /* [CP] Copy Pods Resources */ = {
			isa = PBXShellScriptBuildPhase;
			buildActionMask = 2147483647;
			files = (
			);
			inputPaths = (
			);
			name = "[CP] Copy Pods Resources";
			outputPaths = (
			);
			runOnlyForDeploymentPostprocessing = 0;
			shellPath = /bin/sh;
			shellScript = "\"${SRCROOT}/Pods/Target Support Files/Pods-cTOM/Pods-cTOM-resources.sh\"\n";
			showEnvVarsInLog = 0;
		};
		9EA682EA2514C0EBEF1984F7 /* [CP] Check Pods Manifest.lock */ = {
			isa = PBXShellScriptBuildPhase;
			buildActionMask = 2147483647;
			files = (
			);
			inputPaths = (
				"${PODS_PODFILE_DIR_PATH}/Podfile.lock",
				"${PODS_ROOT}/Manifest.lock",
			);
			name = "[CP] Check Pods Manifest.lock";
			outputPaths = (
				"$(DERIVED_FILE_DIR)/Pods-cTOMTests-checkManifestLockResult.txt",
			);
			runOnlyForDeploymentPostprocessing = 0;
			shellPath = /bin/sh;
			shellScript = "diff \"${PODS_PODFILE_DIR_PATH}/Podfile.lock\" \"${PODS_ROOT}/Manifest.lock\" > /dev/null\nif [ $? != 0 ] ; then\n    # print error to STDERR\n    echo \"error: The sandbox is not in sync with the Podfile.lock. Run 'pod install' or update your CocoaPods installation.\" >&2\n    exit 1\nfi\n# This output is used by Xcode 'outputs' to avoid re-running this script phase.\necho \"SUCCESS\" > \"${SCRIPT_OUTPUT_FILE_0}\"\n";
			showEnvVarsInLog = 0;
		};
		A8BC1E1A56A9685FE18F9FCA /* [CP] Embed Pods Frameworks */ = {
			isa = PBXShellScriptBuildPhase;
			buildActionMask = 2147483647;
			files = (
			);
			inputPaths = (
				"${SRCROOT}/Pods/Target Support Files/Pods-cTOM/Pods-cTOM-frameworks.sh",
				"${BUILT_PRODUCTS_DIR}/IQKeyboardManagerSwift/IQKeyboardManagerSwift.framework",
			);
			name = "[CP] Embed Pods Frameworks";
			outputPaths = (
				"${TARGET_BUILD_DIR}/${FRAMEWORKS_FOLDER_PATH}/IQKeyboardManagerSwift.framework",
			);
			runOnlyForDeploymentPostprocessing = 0;
			shellPath = /bin/sh;
			shellScript = "\"${SRCROOT}/Pods/Target Support Files/Pods-cTOM/Pods-cTOM-frameworks.sh\"\n";
			showEnvVarsInLog = 0;
		};
		AF4BF2E5531B29C4B7DD3388 /* [CP] Check Pods Manifest.lock */ = {
			isa = PBXShellScriptBuildPhase;
			buildActionMask = 2147483647;
			files = (
			);
			inputPaths = (
				"${PODS_PODFILE_DIR_PATH}/Podfile.lock",
				"${PODS_ROOT}/Manifest.lock",
			);
			name = "[CP] Check Pods Manifest.lock";
			outputPaths = (
				"$(DERIVED_FILE_DIR)/Pods-cTOM-checkManifestLockResult.txt",
			);
			runOnlyForDeploymentPostprocessing = 0;
			shellPath = /bin/sh;
			shellScript = "diff \"${PODS_PODFILE_DIR_PATH}/Podfile.lock\" \"${PODS_ROOT}/Manifest.lock\" > /dev/null\nif [ $? != 0 ] ; then\n    # print error to STDERR\n    echo \"error: The sandbox is not in sync with the Podfile.lock. Run 'pod install' or update your CocoaPods installation.\" >&2\n    exit 1\nfi\n# This output is used by Xcode 'outputs' to avoid re-running this script phase.\necho \"SUCCESS\" > \"${SCRIPT_OUTPUT_FILE_0}\"\n";
			showEnvVarsInLog = 0;
		};
		E3589BCD258CED11E90FE812 /* [CP] Embed Pods Frameworks */ = {
			isa = PBXShellScriptBuildPhase;
			buildActionMask = 2147483647;
			files = (
			);
			inputPaths = (
			);
			name = "[CP] Embed Pods Frameworks";
			outputPaths = (
			);
			runOnlyForDeploymentPostprocessing = 0;
			shellPath = /bin/sh;
			shellScript = "\"${SRCROOT}/Pods/Target Support Files/Pods-cTOMTests/Pods-cTOMTests-frameworks.sh\"\n";
			showEnvVarsInLog = 0;
		};
		E7DE4FD158C59E478FA75205 /* [CP] Copy Pods Resources */ = {
			isa = PBXShellScriptBuildPhase;
			buildActionMask = 2147483647;
			files = (
			);
			inputPaths = (
			);
			name = "[CP] Copy Pods Resources";
			outputPaths = (
			);
			runOnlyForDeploymentPostprocessing = 0;
			shellPath = /bin/sh;
			shellScript = "\"${SRCROOT}/Pods/Target Support Files/Pods-cTOMTests/Pods-cTOMTests-resources.sh\"\n";
			showEnvVarsInLog = 0;
		};
/* End PBXShellScriptBuildPhase section */

/* Begin PBXSourcesBuildPhase section */
		F4D9FC26201FB3BB004D0F4E /* Sources */ = {
			isa = PBXSourcesBuildPhase;
			buildActionMask = 2147483647;
			files = (
				F4D9FC5B201FB3E3004D0F4E /* FMResultSet.m in Sources */,
				F4D9FC68201FB4A9004D0F4E /* Trackers.swift in Sources */,
				F4D9FC5C201FB3E3004D0F4E /* FMDatabasePool.m in Sources */,
				F4BC1F69202A275500A2E2B1 /* ViewControllerStoriesTrials.swift in Sources */,
				F46375DD2028D3B0007CC87F /* ViewControllerStories.swift in Sources */,
				F4D9FC30201FB3BB004D0F4E /* ViewControllerTests.swift in Sources */,
				F4B99F07202891DC003C25C0 /* ViewControllerGazePractice.swift in Sources */,
				F4D9FC66201FB47C004D0F4E /* DBManager.swift in Sources */,
				F4B7189D2020D60A00BE3EB6 /* Result.swift in Sources */,
				F42797FE2031D5B0007F5BE8 /* ViewControllerAdminHome.swift in Sources */,
				F4D9FC5F201FB3E3004D0F4E /* FMDatabaseQueue.m in Sources */,
				F4D9FC5E201FB3E3004D0F4E /* FMDatabase.m in Sources */,
				F427980220321051007F5BE8 /* ViewControllerAdminRegister.swift in Sources */,
				F4D9FC2E201FB3BB004D0F4E /* AppDelegate.swift in Sources */,
				F42797FC2031D52C007F5BE8 /* ViewControllerAdminLogin.swift in Sources */,
				F4CD745620209E8700C8A791 /* ViewControllerGaze.swift in Sources */,
				F4D9FC5D201FB3E3004D0F4E /* FMDatabaseAdditions.m in Sources */,
			);
			runOnlyForDeploymentPostprocessing = 0;
		};
		F4D9FC3A201FB3BB004D0F4E /* Sources */ = {
			isa = PBXSourcesBuildPhase;
			buildActionMask = 2147483647;
			files = (
				F4D9FC43201FB3BB004D0F4E /* cTOMTests.swift in Sources */,
			);
			runOnlyForDeploymentPostprocessing = 0;
		};
/* End PBXSourcesBuildPhase section */

/* Begin PBXTargetDependency section */
		F4D9FC40201FB3BB004D0F4E /* PBXTargetDependency */ = {
			isa = PBXTargetDependency;
			target = F4D9FC29201FB3BB004D0F4E /* cTOM */;
			targetProxy = F4D9FC3F201FB3BB004D0F4E /* PBXContainerItemProxy */;
		};
/* End PBXTargetDependency section */

/* Begin PBXVariantGroup section */
		F4D9FC31201FB3BB004D0F4E /* Main.storyboard */ = {
			isa = PBXVariantGroup;
			children = (
				F4D9FC32201FB3BB004D0F4E /* Base */,
			);
			name = Main.storyboard;
			sourceTree = "<group>";
		};
		F4D9FC36201FB3BB004D0F4E /* LaunchScreen.storyboard */ = {
			isa = PBXVariantGroup;
			children = (
				F4D9FC37201FB3BB004D0F4E /* Base */,
			);
			name = LaunchScreen.storyboard;
			sourceTree = "<group>";
		};
/* End PBXVariantGroup section */

/* Begin XCBuildConfiguration section */
		F4D9FC45201FB3BB004D0F4E /* Debug */ = {
			isa = XCBuildConfiguration;
			buildSettings = {
				ALWAYS_SEARCH_USER_PATHS = NO;
				CLANG_ANALYZER_NONNULL = YES;
				CLANG_ANALYZER_NUMBER_OBJECT_CONVERSION = YES_AGGRESSIVE;
				CLANG_CXX_LANGUAGE_STANDARD = "gnu++14";
				CLANG_CXX_LIBRARY = "libc++";
				CLANG_ENABLE_MODULES = YES;
				CLANG_ENABLE_OBJC_ARC = YES;
				CLANG_WARN_BLOCK_CAPTURE_AUTORELEASING = YES;
				CLANG_WARN_BOOL_CONVERSION = YES;
				CLANG_WARN_COMMA = YES;
				CLANG_WARN_CONSTANT_CONVERSION = YES;
				CLANG_WARN_DIRECT_OBJC_ISA_USAGE = YES_ERROR;
				CLANG_WARN_DOCUMENTATION_COMMENTS = YES;
				CLANG_WARN_EMPTY_BODY = YES;
				CLANG_WARN_ENUM_CONVERSION = YES;
				CLANG_WARN_INFINITE_RECURSION = YES;
				CLANG_WARN_INT_CONVERSION = YES;
				CLANG_WARN_NON_LITERAL_NULL_CONVERSION = YES;
				CLANG_WARN_OBJC_LITERAL_CONVERSION = YES;
				CLANG_WARN_OBJC_ROOT_CLASS = YES_ERROR;
				CLANG_WARN_RANGE_LOOP_ANALYSIS = YES;
				CLANG_WARN_STRICT_PROTOTYPES = YES;
				CLANG_WARN_SUSPICIOUS_MOVE = YES;
				CLANG_WARN_UNGUARDED_AVAILABILITY = YES_AGGRESSIVE;
				CLANG_WARN_UNREACHABLE_CODE = YES;
				CLANG_WARN__DUPLICATE_METHOD_MATCH = YES;
				CODE_SIGN_IDENTITY = "iPhone Developer";
				COPY_PHASE_STRIP = NO;
				DEBUG_INFORMATION_FORMAT = dwarf;
				ENABLE_STRICT_OBJC_MSGSEND = YES;
				ENABLE_TESTABILITY = YES;
				GCC_C_LANGUAGE_STANDARD = gnu11;
				GCC_DYNAMIC_NO_PIC = NO;
				GCC_NO_COMMON_BLOCKS = YES;
				GCC_OPTIMIZATION_LEVEL = 0;
				GCC_PREPROCESSOR_DEFINITIONS = (
					"DEBUG=1",
					"$(inherited)",
				);
				GCC_WARN_64_TO_32_BIT_CONVERSION = YES;
				GCC_WARN_ABOUT_RETURN_TYPE = YES_ERROR;
				GCC_WARN_UNDECLARED_SELECTOR = YES;
				GCC_WARN_UNINITIALIZED_AUTOS = YES_AGGRESSIVE;
				GCC_WARN_UNUSED_FUNCTION = YES;
				GCC_WARN_UNUSED_VARIABLE = YES;
				IPHONEOS_DEPLOYMENT_TARGET = 11.2;
				MTL_ENABLE_DEBUG_INFO = YES;
				ONLY_ACTIVE_ARCH = YES;
				SDKROOT = iphoneos;
				SWIFT_ACTIVE_COMPILATION_CONDITIONS = DEBUG;
				SWIFT_OPTIMIZATION_LEVEL = "-Onone";
			};
			name = Debug;
		};
		F4D9FC46201FB3BB004D0F4E /* Release */ = {
			isa = XCBuildConfiguration;
			buildSettings = {
				ALWAYS_SEARCH_USER_PATHS = NO;
				CLANG_ANALYZER_NONNULL = YES;
				CLANG_ANALYZER_NUMBER_OBJECT_CONVERSION = YES_AGGRESSIVE;
				CLANG_CXX_LANGUAGE_STANDARD = "gnu++14";
				CLANG_CXX_LIBRARY = "libc++";
				CLANG_ENABLE_MODULES = YES;
				CLANG_ENABLE_OBJC_ARC = YES;
				CLANG_WARN_BLOCK_CAPTURE_AUTORELEASING = YES;
				CLANG_WARN_BOOL_CONVERSION = YES;
				CLANG_WARN_COMMA = YES;
				CLANG_WARN_CONSTANT_CONVERSION = YES;
				CLANG_WARN_DIRECT_OBJC_ISA_USAGE = YES_ERROR;
				CLANG_WARN_DOCUMENTATION_COMMENTS = YES;
				CLANG_WARN_EMPTY_BODY = YES;
				CLANG_WARN_ENUM_CONVERSION = YES;
				CLANG_WARN_INFINITE_RECURSION = YES;
				CLANG_WARN_INT_CONVERSION = YES;
				CLANG_WARN_NON_LITERAL_NULL_CONVERSION = YES;
				CLANG_WARN_OBJC_LITERAL_CONVERSION = YES;
				CLANG_WARN_OBJC_ROOT_CLASS = YES_ERROR;
				CLANG_WARN_RANGE_LOOP_ANALYSIS = YES;
				CLANG_WARN_STRICT_PROTOTYPES = YES;
				CLANG_WARN_SUSPICIOUS_MOVE = YES;
				CLANG_WARN_UNGUARDED_AVAILABILITY = YES_AGGRESSIVE;
				CLANG_WARN_UNREACHABLE_CODE = YES;
				CLANG_WARN__DUPLICATE_METHOD_MATCH = YES;
				CODE_SIGN_IDENTITY = "iPhone Developer";
				COPY_PHASE_STRIP = NO;
				DEBUG_INFORMATION_FORMAT = "dwarf-with-dsym";
				ENABLE_NS_ASSERTIONS = NO;
				ENABLE_STRICT_OBJC_MSGSEND = YES;
				GCC_C_LANGUAGE_STANDARD = gnu11;
				GCC_NO_COMMON_BLOCKS = YES;
				GCC_WARN_64_TO_32_BIT_CONVERSION = YES;
				GCC_WARN_ABOUT_RETURN_TYPE = YES_ERROR;
				GCC_WARN_UNDECLARED_SELECTOR = YES;
				GCC_WARN_UNINITIALIZED_AUTOS = YES_AGGRESSIVE;
				GCC_WARN_UNUSED_FUNCTION = YES;
				GCC_WARN_UNUSED_VARIABLE = YES;
				IPHONEOS_DEPLOYMENT_TARGET = 11.2;
				MTL_ENABLE_DEBUG_INFO = NO;
				SDKROOT = iphoneos;
				SWIFT_OPTIMIZATION_LEVEL = "-Owholemodule";
				VALIDATE_PRODUCT = YES;
			};
			name = Release;
		};
		F4D9FC48201FB3BB004D0F4E /* Debug */ = {
			isa = XCBuildConfiguration;
			baseConfigurationReference = A9EE84371BFE9603AF11687A /* Pods-cTOM.debug.xcconfig */;
			buildSettings = {
				ASSETCATALOG_COMPILER_APPICON_NAME = AppIcon;
				CLANG_ENABLE_MODULES = YES;
				CODE_SIGN_STYLE = Automatic;
				INFOPLIST_FILE = cTOM/Info.plist;
				LD_RUNPATH_SEARCH_PATHS = "$(inherited) @executable_path/Frameworks";
				PRODUCT_BUNDLE_IDENTIFIER = com.ctom.cTOM;
				PRODUCT_NAME = "$(TARGET_NAME)";
				SWIFT_OBJC_BRIDGING_HEADER = "FMDB/cTOM-Bridging-Header.h";
				SWIFT_OPTIMIZATION_LEVEL = "-Onone";
				SWIFT_VERSION = 4.0;
				TARGETED_DEVICE_FAMILY = "1,2";
			};
			name = Debug;
		};
		F4D9FC49201FB3BB004D0F4E /* Release */ = {
			isa = XCBuildConfiguration;
			baseConfigurationReference = 7CF00571102A36FF722BD165 /* Pods-cTOM.release.xcconfig */;
			buildSettings = {
				ASSETCATALOG_COMPILER_APPICON_NAME = AppIcon;
				CLANG_ENABLE_MODULES = YES;
				CODE_SIGN_STYLE = Automatic;
				INFOPLIST_FILE = cTOM/Info.plist;
				LD_RUNPATH_SEARCH_PATHS = "$(inherited) @executable_path/Frameworks";
				PRODUCT_BUNDLE_IDENTIFIER = com.ctom.cTOM;
				PRODUCT_NAME = "$(TARGET_NAME)";
				SWIFT_OBJC_BRIDGING_HEADER = "FMDB/cTOM-Bridging-Header.h";
				SWIFT_VERSION = 4.0;
				TARGETED_DEVICE_FAMILY = "1,2";
			};
			name = Release;
		};
		F4D9FC4B201FB3BB004D0F4E /* Debug */ = {
			isa = XCBuildConfiguration;
			baseConfigurationReference = F842EE00EDF60EDB87DB497C /* Pods-cTOMTests.debug.xcconfig */;
			buildSettings = {
				ALWAYS_EMBED_SWIFT_STANDARD_LIBRARIES = YES;
				BUNDLE_LOADER = "$(TEST_HOST)";
				CODE_SIGN_STYLE = Automatic;
				INFOPLIST_FILE = cTOMTests/Info.plist;
				LD_RUNPATH_SEARCH_PATHS = "$(inherited) @executable_path/Frameworks @loader_path/Frameworks";
				PRODUCT_BUNDLE_IDENTIFIER = com.ctom.cTOMTests;
				PRODUCT_NAME = "$(TARGET_NAME)";
				SWIFT_VERSION = 4.0;
				TARGETED_DEVICE_FAMILY = "1,2";
				TEST_HOST = "$(BUILT_PRODUCTS_DIR)/cTOM.app/cTOM";
			};
			name = Debug;
		};
		F4D9FC4C201FB3BB004D0F4E /* Release */ = {
			isa = XCBuildConfiguration;
			baseConfigurationReference = ADEAE1624F9FBD6227BD4F3A /* Pods-cTOMTests.release.xcconfig */;
			buildSettings = {
				ALWAYS_EMBED_SWIFT_STANDARD_LIBRARIES = YES;
				BUNDLE_LOADER = "$(TEST_HOST)";
				CODE_SIGN_STYLE = Automatic;
				INFOPLIST_FILE = cTOMTests/Info.plist;
				LD_RUNPATH_SEARCH_PATHS = "$(inherited) @executable_path/Frameworks @loader_path/Frameworks";
				PRODUCT_BUNDLE_IDENTIFIER = com.ctom.cTOMTests;
				PRODUCT_NAME = "$(TARGET_NAME)";
				SWIFT_VERSION = 4.0;
				TARGETED_DEVICE_FAMILY = "1,2";
				TEST_HOST = "$(BUILT_PRODUCTS_DIR)/cTOM.app/cTOM";
			};
			name = Release;
		};
/* End XCBuildConfiguration section */

/* Begin XCConfigurationList section */
		F4D9FC25201FB3BB004D0F4E /* Build configuration list for PBXProject "cTOM" */ = {
			isa = XCConfigurationList;
			buildConfigurations = (
				F4D9FC45201FB3BB004D0F4E /* Debug */,
				F4D9FC46201FB3BB004D0F4E /* Release */,
			);
			defaultConfigurationIsVisible = 0;
			defaultConfigurationName = Release;
		};
		F4D9FC47201FB3BB004D0F4E /* Build configuration list for PBXNativeTarget "cTOM" */ = {
			isa = XCConfigurationList;
			buildConfigurations = (
				F4D9FC48201FB3BB004D0F4E /* Debug */,
				F4D9FC49201FB3BB004D0F4E /* Release */,
			);
			defaultConfigurationIsVisible = 0;
			defaultConfigurationName = Release;
		};
		F4D9FC4A201FB3BB004D0F4E /* Build configuration list for PBXNativeTarget "cTOMTests" */ = {
			isa = XCConfigurationList;
			buildConfigurations = (
				F4D9FC4B201FB3BB004D0F4E /* Debug */,
				F4D9FC4C201FB3BB004D0F4E /* Release */,
			);
			defaultConfigurationIsVisible = 0;
			defaultConfigurationName = Release;
		};
/* End XCConfigurationList section */
	};
	rootObject = F4D9FC22201FB3BB004D0F4E /* Project object */;
}
